// !$*UTF8*$!
{
	archiveVersion = 1;
	classes = {
	};
	objectVersion = 55;
	objects = {

/* Begin PBXBuildFile section */
		31460EA628488C1700E64254 /* ZLGiteeAppKey.swift in Sources */ = {isa = PBXBuildFile; fileRef = 31460EA528488C1700E64254 /* ZLGiteeAppKey.swift */; };
		31460EA8284892DD00E64254 /* ZLUserStarsListController.swift in Sources */ = {isa = PBXBuildFile; fileRef = 31460EA7284892DD00E64254 /* ZLUserStarsListController.swift */; };
		315152702842196D0048DEC6 /* UIView+ShareMenu.swift in Sources */ = {isa = PBXBuildFile; fileRef = 3151526F2842196D0048DEC6 /* UIView+ShareMenu.swift */; };
		3151527A2842399E0048DEC6 /* ZLWebContentViewModel.swift in Sources */ = {isa = PBXBuildFile; fileRef = 315152752842399E0048DEC6 /* ZLWebContentViewModel.swift */; };
		3151527B2842399E0048DEC6 /* ZLWebContentController.swift in Sources */ = {isa = PBXBuildFile; fileRef = 315152772842399E0048DEC6 /* ZLWebContentController.swift */; };
		3151527C2842399E0048DEC6 /* ZLWebContentView.swift in Sources */ = {isa = PBXBuildFile; fileRef = 315152792842399E0048DEC6 /* ZLWebContentView.swift */; };
		3151527F28423C850048DEC6 /* ZLCommonURLManager.swift in Sources */ = {isa = PBXBuildFile; fileRef = 3151527E28423C850048DEC6 /* ZLCommonURLManager.swift */; };
		316BA9EA283E429000E83CC0 /* ZLUserFollowingListController.swift in Sources */ = {isa = PBXBuildFile; fileRef = 316BA9E9283E429000E83CC0 /* ZLUserFollowingListController.swift */; };
		3171920D284CAC5300B1EED4 /* ZLRepoInfoPresenter.swift in Sources */ = {isa = PBXBuildFile; fileRef = 3171920C284CAC5300B1EED4 /* ZLRepoInfoPresenter.swift */; };
		3171920F284CAC5C00B1EED4 /* ZLRepoHeaderCellData.swift in Sources */ = {isa = PBXBuildFile; fileRef = 3171920E284CAC5C00B1EED4 /* ZLRepoHeaderCellData.swift */; };
		31719211284CAC6500B1EED4 /* ZLRepoInfoHeaderCell.swift in Sources */ = {isa = PBXBuildFile; fileRef = 31719210284CAC6500B1EED4 /* ZLRepoInfoHeaderCell.swift */; };
		31719213284CAC7100B1EED4 /* ZLRepoInfoController.swift in Sources */ = {isa = PBXBuildFile; fileRef = 31719212284CAC7100B1EED4 /* ZLRepoInfoController.swift */; };
		31719217284CAD2400B1EED4 /* ZLCommonTableViewCellDataV2.swift in Sources */ = {isa = PBXBuildFile; fileRef = 31719216284CAD2400B1EED4 /* ZLCommonTableViewCellDataV2.swift */; };
		31719219284CAE1B00B1EED4 /* ZLPresenterMessageModel.swift in Sources */ = {isa = PBXBuildFile; fileRef = 31719218284CAE1B00B1EED4 /* ZLPresenterMessageModel.swift */; };
		31D69B3E2838D818009DAEEE /* ZLUserFollowerListController.swift in Sources */ = {isa = PBXBuildFile; fileRef = 31D69B3D2838D818009DAEEE /* ZLUserFollowerListController.swift */; };
		31D69B442838DDC0009DAEEE /* ZLUserTableViewCell.swift in Sources */ = {isa = PBXBuildFile; fileRef = 31D69B432838DDC0009DAEEE /* ZLUserTableViewCell.swift */; };
		31D69B462838DE73009DAEEE /* ZLUserTableViewCellData.swift in Sources */ = {isa = PBXBuildFile; fileRef = 31D69B452838DE73009DAEEE /* ZLUserTableViewCellData.swift */; };
		31E1E501284AEE6100CE3CFC /* ZLWorkboardTableViewCellData.swift in Sources */ = {isa = PBXBuildFile; fileRef = 31E1E500284AEE6100CE3CFC /* ZLWorkboardTableViewCellData.swift */; };
		31F160832848DC61009176A7 /* ZLWorkboardTableViewCell.swift in Sources */ = {isa = PBXBuildFile; fileRef = 31F160822848DC61009176A7 /* ZLWorkboardTableViewCell.swift */; };
		48578C2D30E34696B288D039 /* Pods_ZLGiteeClient.framework in Frameworks */ = {isa = PBXBuildFile; fileRef = CD642EFD1273D29D13C69438 /* Pods_ZLGiteeClient.framework */; };
		740C2F642837C49400DAFF0E /* AppDelegate.swift in Sources */ = {isa = PBXBuildFile; fileRef = 740C2F632837C49400DAFF0E /* AppDelegate.swift */; };
		740C2F6D2837C49600DAFF0E /* Assets.xcassets in Resources */ = {isa = PBXBuildFile; fileRef = 740C2F6C2837C49600DAFF0E /* Assets.xcassets */; };
		740C2F782837C80A00DAFF0E /* ZLMainViewController.swift in Sources */ = {isa = PBXBuildFile; fileRef = 740C2F772837C80A00DAFF0E /* ZLMainViewController.swift */; };
		740C2F7B2837CC8D00DAFF0E /* ZLWorkBoardController.swift in Sources */ = {isa = PBXBuildFile; fileRef = 740C2F7A2837CC8C00DAFF0E /* ZLWorkBoardController.swift */; };
		740C2F7D2837CCA500DAFF0E /* ZLNotificationsController.swift in Sources */ = {isa = PBXBuildFile; fileRef = 740C2F7C2837CCA500DAFF0E /* ZLNotificationsController.swift */; };
		740C2F7F2837CCB600DAFF0E /* ZLExploreController.swift in Sources */ = {isa = PBXBuildFile; fileRef = 740C2F7E2837CCB600DAFF0E /* ZLExploreController.swift */; };
		740C2F812837CCC400DAFF0E /* ZLProfileController.swift in Sources */ = {isa = PBXBuildFile; fileRef = 740C2F802837CCC400DAFF0E /* ZLProfileController.swift */; };
		740C2F842837D0AF00DAFF0E /* ZLGiteeRequest.swift in Sources */ = {isa = PBXBuildFile; fileRef = 740C2F832837D0AF00DAFF0E /* ZLGiteeRequest.swift */; };
		740C2F872837D6B500DAFF0E /* ZLGiteeUserModel.swift in Sources */ = {isa = PBXBuildFile; fileRef = 740C2F862837D6B500DAFF0E /* ZLGiteeUserModel.swift */; };
		740C2F892837DCB600DAFF0E /* ZLGiteeRepoModel.swift in Sources */ = {isa = PBXBuildFile; fileRef = 740C2F882837DCB600DAFF0E /* ZLGiteeRepoModel.swift */; };
		740C2F8B2837E13300DAFF0E /* ZLUserReposListController.swift in Sources */ = {isa = PBXBuildFile; fileRef = 740C2F8A2837E13300DAFF0E /* ZLUserReposListController.swift */; };
		740C2F992837E28700DAFF0E /* ZLRepositoryTableViewCell.swift in Sources */ = {isa = PBXBuildFile; fileRef = 740C2F982837E28700DAFF0E /* ZLRepositoryTableViewCell.swift */; };
		740C2F9C2837E2F800DAFF0E /* ZLRepositoryTableViewCellData.swift in Sources */ = {isa = PBXBuildFile; fileRef = 740C2F9B2837E2F800DAFF0E /* ZLRepositoryTableViewCellData.swift */; };
		74AAE5BA284203EA0030DA01 /* ZLUserInfoController.swift in Sources */ = {isa = PBXBuildFile; fileRef = 74AAE5B9284203EA0030DA01 /* ZLUserInfoController.swift */; };
		74AAE5BC284204670030DA01 /* ZLUserInfoHeaderCell.swift in Sources */ = {isa = PBXBuildFile; fileRef = 74AAE5BB284204670030DA01 /* ZLUserInfoHeaderCell.swift */; };
		74AAE5BE284206DB0030DA01 /* ZLCommonTableViewCell.swift in Sources */ = {isa = PBXBuildFile; fileRef = 74AAE5BD284206DB0030DA01 /* ZLCommonTableViewCell.swift */; };
		74AAE5C0284207400030DA01 /* ZLCommonTableViewCellData.swift in Sources */ = {isa = PBXBuildFile; fileRef = 74AAE5BF284207400030DA01 /* ZLCommonTableViewCellData.swift */; };
		74AAE5C2284207EC0030DA01 /* ZLUserInfoHeaderCellData.swift in Sources */ = {isa = PBXBuildFile; fileRef = 74AAE5C1284207EC0030DA01 /* ZLUserInfoHeaderCellData.swift */; };
		74AAE5CB2843B03F0030DA01 /* ZLIconFont.swift in Sources */ = {isa = PBXBuildFile; fileRef = 74AAE5C82843B03F0030DA01 /* ZLIconFont.swift */; };
		74AAE5CC2843B03F0030DA01 /* UIFont+IconFont.swift in Sources */ = {isa = PBXBuildFile; fileRef = 74AAE5C92843B03F0030DA01 /* UIFont+IconFont.swift */; };
		74AAE5CD2843B03F0030DA01 /* UIImage+IconFont.swift in Sources */ = {isa = PBXBuildFile; fileRef = 74AAE5CA2843B03F0030DA01 /* UIImage+IconFont.swift */; };
		74AAE5CF2843B5E50030DA01 /* iconfont.ttf in Resources */ = {isa = PBXBuildFile; fileRef = 74AAE5CE2843B5E50030DA01 /* iconfont.ttf */; };
		74AAE5D12843B95C0030DA01 /* ZLCommonSectionHeaderFooterView.swift in Sources */ = {isa = PBXBuildFile; fileRef = 74AAE5D02843B95C0030DA01 /* ZLCommonSectionHeaderFooterView.swift */; };
		74AAE5D32843BA780030DA01 /* ZLCommonSectionHeaderFooterViewData.swift in Sources */ = {isa = PBXBuildFile; fileRef = 74AAE5D22843BA780030DA01 /* ZLCommonSectionHeaderFooterViewData.swift */; };
/* End PBXBuildFile section */

/* Begin PBXFileReference section */
		31460EA528488C1700E64254 /* ZLGiteeAppKey.swift */ = {isa = PBXFileReference; lastKnownFileType = sourcecode.swift; path = ZLGiteeAppKey.swift; sourceTree = "<group>"; };
		31460EA7284892DD00E64254 /* ZLUserStarsListController.swift */ = {isa = PBXFileReference; lastKnownFileType = sourcecode.swift; path = ZLUserStarsListController.swift; sourceTree = "<group>"; };
		3151526F2842196D0048DEC6 /* UIView+ShareMenu.swift */ = {isa = PBXFileReference; fileEncoding = 4; lastKnownFileType = sourcecode.swift; path = "UIView+ShareMenu.swift"; sourceTree = "<group>"; };
		315152752842399E0048DEC6 /* ZLWebContentViewModel.swift */ = {isa = PBXFileReference; fileEncoding = 4; lastKnownFileType = sourcecode.swift; path = ZLWebContentViewModel.swift; sourceTree = "<group>"; };
		315152772842399E0048DEC6 /* ZLWebContentController.swift */ = {isa = PBXFileReference; fileEncoding = 4; lastKnownFileType = sourcecode.swift; path = ZLWebContentController.swift; sourceTree = "<group>"; };
		315152792842399E0048DEC6 /* ZLWebContentView.swift */ = {isa = PBXFileReference; fileEncoding = 4; lastKnownFileType = sourcecode.swift; path = ZLWebContentView.swift; sourceTree = "<group>"; };
		3151527E28423C850048DEC6 /* ZLCommonURLManager.swift */ = {isa = PBXFileReference; fileEncoding = 4; lastKnownFileType = sourcecode.swift; path = ZLCommonURLManager.swift; sourceTree = "<group>"; };
		316BA9E9283E429000E83CC0 /* ZLUserFollowingListController.swift */ = {isa = PBXFileReference; lastKnownFileType = sourcecode.swift; path = ZLUserFollowingListController.swift; sourceTree = "<group>"; };
		3171920C284CAC5300B1EED4 /* ZLRepoInfoPresenter.swift */ = {isa = PBXFileReference; fileEncoding = 4; lastKnownFileType = sourcecode.swift; path = ZLRepoInfoPresenter.swift; sourceTree = "<group>"; };
		3171920E284CAC5C00B1EED4 /* ZLRepoHeaderCellData.swift */ = {isa = PBXFileReference; fileEncoding = 4; lastKnownFileType = sourcecode.swift; path = ZLRepoHeaderCellData.swift; sourceTree = "<group>"; };
		31719210284CAC6500B1EED4 /* ZLRepoInfoHeaderCell.swift */ = {isa = PBXFileReference; fileEncoding = 4; lastKnownFileType = sourcecode.swift; path = ZLRepoInfoHeaderCell.swift; sourceTree = "<group>"; };
		31719212284CAC7100B1EED4 /* ZLRepoInfoController.swift */ = {isa = PBXFileReference; fileEncoding = 4; lastKnownFileType = sourcecode.swift; path = ZLRepoInfoController.swift; sourceTree = "<group>"; };
		31719216284CAD2400B1EED4 /* ZLCommonTableViewCellDataV2.swift */ = {isa = PBXFileReference; fileEncoding = 4; lastKnownFileType = sourcecode.swift; path = ZLCommonTableViewCellDataV2.swift; sourceTree = "<group>"; };
		31719218284CAE1B00B1EED4 /* ZLPresenterMessageModel.swift */ = {isa = PBXFileReference; fileEncoding = 4; lastKnownFileType = sourcecode.swift; path = ZLPresenterMessageModel.swift; sourceTree = "<group>"; };
		31D69B3D2838D818009DAEEE /* ZLUserFollowerListController.swift */ = {isa = PBXFileReference; lastKnownFileType = sourcecode.swift; path = ZLUserFollowerListController.swift; sourceTree = "<group>"; };
		31D69B432838DDC0009DAEEE /* ZLUserTableViewCell.swift */ = {isa = PBXFileReference; fileEncoding = 4; lastKnownFileType = sourcecode.swift; path = ZLUserTableViewCell.swift; sourceTree = "<group>"; };
		31D69B452838DE73009DAEEE /* ZLUserTableViewCellData.swift */ = {isa = PBXFileReference; fileEncoding = 4; lastKnownFileType = sourcecode.swift; path = ZLUserTableViewCellData.swift; sourceTree = "<group>"; };
		31E1E500284AEE6100CE3CFC /* ZLWorkboardTableViewCellData.swift */ = {isa = PBXFileReference; lastKnownFileType = sourcecode.swift; path = ZLWorkboardTableViewCellData.swift; sourceTree = "<group>"; };
		31F160822848DC61009176A7 /* ZLWorkboardTableViewCell.swift */ = {isa = PBXFileReference; lastKnownFileType = sourcecode.swift; path = ZLWorkboardTableViewCell.swift; sourceTree = "<group>"; };
		52B1746A4644250B6B6B1241 /* Pods-ZLGiteeClient.debug.xcconfig */ = {isa = PBXFileReference; includeInIndex = 1; lastKnownFileType = text.xcconfig; name = "Pods-ZLGiteeClient.debug.xcconfig"; path = "Target Support Files/Pods-ZLGiteeClient/Pods-ZLGiteeClient.debug.xcconfig"; sourceTree = "<group>"; };
		740C2F602837C49400DAFF0E /* ZLGiteeClient.app */ = {isa = PBXFileReference; explicitFileType = wrapper.application; includeInIndex = 0; path = ZLGiteeClient.app; sourceTree = BUILT_PRODUCTS_DIR; };
		740C2F632837C49400DAFF0E /* AppDelegate.swift */ = {isa = PBXFileReference; lastKnownFileType = sourcecode.swift; path = AppDelegate.swift; sourceTree = "<group>"; };
		740C2F6C2837C49600DAFF0E /* Assets.xcassets */ = {isa = PBXFileReference; lastKnownFileType = folder.assetcatalog; path = Assets.xcassets; sourceTree = "<group>"; };
		740C2F712837C49600DAFF0E /* Info.plist */ = {isa = PBXFileReference; lastKnownFileType = text.plist.xml; path = Info.plist; sourceTree = "<group>"; };
		740C2F772837C80A00DAFF0E /* ZLMainViewController.swift */ = {isa = PBXFileReference; lastKnownFileType = sourcecode.swift; path = ZLMainViewController.swift; sourceTree = "<group>"; };
		740C2F7A2837CC8C00DAFF0E /* ZLWorkBoardController.swift */ = {isa = PBXFileReference; lastKnownFileType = sourcecode.swift; path = ZLWorkBoardController.swift; sourceTree = "<group>"; };
		740C2F7C2837CCA500DAFF0E /* ZLNotificationsController.swift */ = {isa = PBXFileReference; lastKnownFileType = sourcecode.swift; path = ZLNotificationsController.swift; sourceTree = "<group>"; };
		740C2F7E2837CCB600DAFF0E /* ZLExploreController.swift */ = {isa = PBXFileReference; lastKnownFileType = sourcecode.swift; path = ZLExploreController.swift; sourceTree = "<group>"; };
		740C2F802837CCC400DAFF0E /* ZLProfileController.swift */ = {isa = PBXFileReference; lastKnownFileType = sourcecode.swift; path = ZLProfileController.swift; sourceTree = "<group>"; };
		740C2F832837D0AF00DAFF0E /* ZLGiteeRequest.swift */ = {isa = PBXFileReference; lastKnownFileType = sourcecode.swift; path = ZLGiteeRequest.swift; sourceTree = "<group>"; };
		740C2F862837D6B500DAFF0E /* ZLGiteeUserModel.swift */ = {isa = PBXFileReference; lastKnownFileType = sourcecode.swift; path = ZLGiteeUserModel.swift; sourceTree = "<group>"; };
		740C2F882837DCB600DAFF0E /* ZLGiteeRepoModel.swift */ = {isa = PBXFileReference; lastKnownFileType = sourcecode.swift; path = ZLGiteeRepoModel.swift; sourceTree = "<group>"; };
		740C2F8A2837E13300DAFF0E /* ZLUserReposListController.swift */ = {isa = PBXFileReference; lastKnownFileType = sourcecode.swift; path = ZLUserReposListController.swift; sourceTree = "<group>"; };
		740C2F982837E28700DAFF0E /* ZLRepositoryTableViewCell.swift */ = {isa = PBXFileReference; fileEncoding = 4; lastKnownFileType = sourcecode.swift; path = ZLRepositoryTableViewCell.swift; sourceTree = "<group>"; };
		740C2F9B2837E2F800DAFF0E /* ZLRepositoryTableViewCellData.swift */ = {isa = PBXFileReference; lastKnownFileType = sourcecode.swift; path = ZLRepositoryTableViewCellData.swift; sourceTree = "<group>"; };
		74AAE5B9284203EA0030DA01 /* ZLUserInfoController.swift */ = {isa = PBXFileReference; lastKnownFileType = sourcecode.swift; path = ZLUserInfoController.swift; sourceTree = "<group>"; };
		74AAE5BB284204670030DA01 /* ZLUserInfoHeaderCell.swift */ = {isa = PBXFileReference; fileEncoding = 4; lastKnownFileType = sourcecode.swift; path = ZLUserInfoHeaderCell.swift; sourceTree = "<group>"; };
		74AAE5BD284206DB0030DA01 /* ZLCommonTableViewCell.swift */ = {isa = PBXFileReference; fileEncoding = 4; lastKnownFileType = sourcecode.swift; path = ZLCommonTableViewCell.swift; sourceTree = "<group>"; };
		74AAE5BF284207400030DA01 /* ZLCommonTableViewCellData.swift */ = {isa = PBXFileReference; fileEncoding = 4; lastKnownFileType = sourcecode.swift; path = ZLCommonTableViewCellData.swift; sourceTree = "<group>"; };
		74AAE5C1284207EC0030DA01 /* ZLUserInfoHeaderCellData.swift */ = {isa = PBXFileReference; lastKnownFileType = sourcecode.swift; path = ZLUserInfoHeaderCellData.swift; sourceTree = "<group>"; };
		74AAE5C82843B03F0030DA01 /* ZLIconFont.swift */ = {isa = PBXFileReference; fileEncoding = 4; lastKnownFileType = sourcecode.swift; path = ZLIconFont.swift; sourceTree = "<group>"; };
		74AAE5C92843B03F0030DA01 /* UIFont+IconFont.swift */ = {isa = PBXFileReference; fileEncoding = 4; lastKnownFileType = sourcecode.swift; path = "UIFont+IconFont.swift"; sourceTree = "<group>"; };
		74AAE5CA2843B03F0030DA01 /* UIImage+IconFont.swift */ = {isa = PBXFileReference; fileEncoding = 4; lastKnownFileType = sourcecode.swift; path = "UIImage+IconFont.swift"; sourceTree = "<group>"; };
		74AAE5CE2843B5E50030DA01 /* iconfont.ttf */ = {isa = PBXFileReference; lastKnownFileType = file; path = iconfont.ttf; sourceTree = "<group>"; };
		74AAE5D02843B95C0030DA01 /* ZLCommonSectionHeaderFooterView.swift */ = {isa = PBXFileReference; lastKnownFileType = sourcecode.swift; path = ZLCommonSectionHeaderFooterView.swift; sourceTree = "<group>"; };
		74AAE5D22843BA780030DA01 /* ZLCommonSectionHeaderFooterViewData.swift */ = {isa = PBXFileReference; lastKnownFileType = sourcecode.swift; path = ZLCommonSectionHeaderFooterViewData.swift; sourceTree = "<group>"; };
		7A7D211429EFF5EF4F067B6B /* Pods-ZLGiteeClient.release.xcconfig */ = {isa = PBXFileReference; includeInIndex = 1; lastKnownFileType = text.xcconfig; name = "Pods-ZLGiteeClient.release.xcconfig"; path = "Target Support Files/Pods-ZLGiteeClient/Pods-ZLGiteeClient.release.xcconfig"; sourceTree = "<group>"; };
		CD642EFD1273D29D13C69438 /* Pods_ZLGiteeClient.framework */ = {isa = PBXFileReference; explicitFileType = wrapper.framework; includeInIndex = 0; path = Pods_ZLGiteeClient.framework; sourceTree = BUILT_PRODUCTS_DIR; };
/* End PBXFileReference section */

/* Begin PBXFrameworksBuildPhase section */
		740C2F5D2837C49400DAFF0E /* Frameworks */ = {
			isa = PBXFrameworksBuildPhase;
			buildActionMask = 2147483647;
			files = (
				48578C2D30E34696B288D039 /* Pods_ZLGiteeClient.framework in Frameworks */,
			);
			runOnlyForDeploymentPostprocessing = 0;
		};
/* End PBXFrameworksBuildPhase section */

/* Begin PBXGroup section */
		31460EA428488B0800E64254 /* ZLSupportFiles */ = {
			isa = PBXGroup;
			children = (
				31460EA528488C1700E64254 /* ZLGiteeAppKey.swift */,
			);
			path = ZLSupportFiles;
			sourceTree = "<group>";
		};
		3151526E2842194E0048DEC6 /* Extension */ = {
			isa = PBXGroup;
			children = (
				3151526F2842196D0048DEC6 /* UIView+ShareMenu.swift */,
			);
			path = Extension;
			sourceTree = "<group>";
		};
		315152732842399E0048DEC6 /* ZLWebContentController */ = {
			isa = PBXGroup;
			children = (
				315152742842399E0048DEC6 /* viewModel */,
				315152762842399E0048DEC6 /* controller */,
				315152782842399E0048DEC6 /* view */,
			);
			path = ZLWebContentController;
			sourceTree = "<group>";
		};
		315152742842399E0048DEC6 /* viewModel */ = {
			isa = PBXGroup;
			children = (
				315152752842399E0048DEC6 /* ZLWebContentViewModel.swift */,
			);
			path = viewModel;
			sourceTree = "<group>";
		};
		315152762842399E0048DEC6 /* controller */ = {
			isa = PBXGroup;
			children = (
				315152772842399E0048DEC6 /* ZLWebContentController.swift */,
			);
			path = controller;
			sourceTree = "<group>";
		};
		315152782842399E0048DEC6 /* view */ = {
			isa = PBXGroup;
			children = (
				315152792842399E0048DEC6 /* ZLWebContentView.swift */,
			);
			path = view;
			sourceTree = "<group>";
		};
		3151527D28423C570048DEC6 /* ZLURLManager */ = {
			isa = PBXGroup;
			children = (
				3151527E28423C850048DEC6 /* ZLCommonURLManager.swift */,
			);
			path = ZLURLManager;
			sourceTree = "<group>";
		};
		31719203284CA56700B1EED4 /* Presenter */ = {
			isa = PBXGroup;
			children = (
				3171920C284CAC5300B1EED4 /* ZLRepoInfoPresenter.swift */,
			);
			path = Presenter;
			sourceTree = "<group>";
		};
		330D32D8C6A7E8CE6DE3B2F2 /* Pods */ = {
			isa = PBXGroup;
			children = (
				52B1746A4644250B6B6B1241 /* Pods-ZLGiteeClient.debug.xcconfig */,
				7A7D211429EFF5EF4F067B6B /* Pods-ZLGiteeClient.release.xcconfig */,
			);
			path = Pods;
			sourceTree = "<group>";
		};
		740C2F572837C49400DAFF0E = {
			isa = PBXGroup;
			children = (
				740C2F622837C49400DAFF0E /* ZLGiteeClient */,
				740C2F612837C49400DAFF0E /* Products */,
				330D32D8C6A7E8CE6DE3B2F2 /* Pods */,
				EA749D56DFD48638617DEFB5 /* Frameworks */,
			);
			sourceTree = "<group>";
		};
		740C2F612837C49400DAFF0E /* Products */ = {
			isa = PBXGroup;
			children = (
				740C2F602837C49400DAFF0E /* ZLGiteeClient.app */,
			);
			name = Products;
			sourceTree = "<group>";
		};
		740C2F622837C49400DAFF0E /* ZLGiteeClient */ = {
			isa = PBXGroup;
			children = (
				31719203284CA56700B1EED4 /* Presenter */,
				31460EA428488B0800E64254 /* ZLSupportFiles */,
				74AAE5CE2843B5E50030DA01 /* iconfont.ttf */,
				74AAE5C72843B03F0030DA01 /* IconFont */,
				3151527D28423C570048DEC6 /* ZLURLManager */,
				315152732842399E0048DEC6 /* ZLWebContentController */,
				3151526E2842194E0048DEC6 /* Extension */,
				740C2F9A2837E2D600DAFF0E /* CellData */,
				740C2F942837E25B00DAFF0E /* Cell */,
				740C2F852837D54C00DAFF0E /* Model */,
				740C2F822837D09900DAFF0E /* Network */,
				740C2F792837CC6D00DAFF0E /* ViewController */,
				740C2F632837C49400DAFF0E /* AppDelegate.swift */,
				740C2F772837C80A00DAFF0E /* ZLMainViewController.swift */,
				740C2F6C2837C49600DAFF0E /* Assets.xcassets */,
				740C2F712837C49600DAFF0E /* Info.plist */,
			);
			path = ZLGiteeClient;
			sourceTree = "<group>";
		};
		740C2F792837CC6D00DAFF0E /* ViewController */ = {
			isa = PBXGroup;
			children = (
				31719212284CAC7100B1EED4 /* ZLRepoInfoController.swift */,
				740C2F7A2837CC8C00DAFF0E /* ZLWorkBoardController.swift */,
				740C2F7C2837CCA500DAFF0E /* ZLNotificationsController.swift */,
				740C2F7E2837CCB600DAFF0E /* ZLExploreController.swift */,
				740C2F802837CCC400DAFF0E /* ZLProfileController.swift */,
				740C2F8A2837E13300DAFF0E /* ZLUserReposListController.swift */,
				31D69B3D2838D818009DAEEE /* ZLUserFollowerListController.swift */,
				316BA9E9283E429000E83CC0 /* ZLUserFollowingListController.swift */,
				74AAE5B9284203EA0030DA01 /* ZLUserInfoController.swift */,
				31460EA7284892DD00E64254 /* ZLUserStarsListController.swift */,
			);
			path = ViewController;
			sourceTree = "<group>";
		};
		740C2F822837D09900DAFF0E /* Network */ = {
			isa = PBXGroup;
			children = (
				740C2F832837D0AF00DAFF0E /* ZLGiteeRequest.swift */,
			);
			path = Network;
			sourceTree = "<group>";
		};
		740C2F852837D54C00DAFF0E /* Model */ = {
			isa = PBXGroup;
			children = (
				31719218284CAE1B00B1EED4 /* ZLPresenterMessageModel.swift */,
				740C2F862837D6B500DAFF0E /* ZLGiteeUserModel.swift */,
				740C2F882837DCB600DAFF0E /* ZLGiteeRepoModel.swift */,
			);
			path = Model;
			sourceTree = "<group>";
		};
		740C2F942837E25B00DAFF0E /* Cell */ = {
			isa = PBXGroup;
			children = (
				31719210284CAC6500B1EED4 /* ZLRepoInfoHeaderCell.swift */,
				74AAE5BD284206DB0030DA01 /* ZLCommonTableViewCell.swift */,
				74AAE5BB284204670030DA01 /* ZLUserInfoHeaderCell.swift */,
				31D69B432838DDC0009DAEEE /* ZLUserTableViewCell.swift */,
				740C2F982837E28700DAFF0E /* ZLRepositoryTableViewCell.swift */,
				74AAE5D02843B95C0030DA01 /* ZLCommonSectionHeaderFooterView.swift */,
				31F160822848DC61009176A7 /* ZLWorkboardTableViewCell.swift */,
			);
			path = Cell;
			sourceTree = "<group>";
		};
		740C2F9A2837E2D600DAFF0E /* CellData */ = {
			isa = PBXGroup;
			children = (
				31719216284CAD2400B1EED4 /* ZLCommonTableViewCellDataV2.swift */,
				3171920E284CAC5C00B1EED4 /* ZLRepoHeaderCellData.swift */,
				74AAE5BF284207400030DA01 /* ZLCommonTableViewCellData.swift */,
				31D69B452838DE73009DAEEE /* ZLUserTableViewCellData.swift */,
				740C2F9B2837E2F800DAFF0E /* ZLRepositoryTableViewCellData.swift */,
				74AAE5C1284207EC0030DA01 /* ZLUserInfoHeaderCellData.swift */,
				74AAE5D22843BA780030DA01 /* ZLCommonSectionHeaderFooterViewData.swift */,
				31E1E500284AEE6100CE3CFC /* ZLWorkboardTableViewCellData.swift */,
			);
			path = CellData;
			sourceTree = "<group>";
		};
		74AAE5C72843B03F0030DA01 /* IconFont */ = {
			isa = PBXGroup;
			children = (
				74AAE5C82843B03F0030DA01 /* ZLIconFont.swift */,
				74AAE5C92843B03F0030DA01 /* UIFont+IconFont.swift */,
				74AAE5CA2843B03F0030DA01 /* UIImage+IconFont.swift */,
			);
			path = IconFont;
			sourceTree = "<group>";
		};
		EA749D56DFD48638617DEFB5 /* Frameworks */ = {
			isa = PBXGroup;
			children = (
				CD642EFD1273D29D13C69438 /* Pods_ZLGiteeClient.framework */,
			);
			name = Frameworks;
			sourceTree = "<group>";
		};
/* End PBXGroup section */

/* Begin PBXNativeTarget section */
		740C2F5F2837C49400DAFF0E /* ZLGiteeClient */ = {
			isa = PBXNativeTarget;
			buildConfigurationList = 740C2F742837C49600DAFF0E /* Build configuration list for PBXNativeTarget "ZLGiteeClient" */;
			buildPhases = (
				FF028417CE71C252A2F694B9 /* [CP] Check Pods Manifest.lock */,
				740C2F5C2837C49400DAFF0E /* Sources */,
				740C2F5D2837C49400DAFF0E /* Frameworks */,
				740C2F5E2837C49400DAFF0E /* Resources */,
				1A91963D711653CDC8610BD2 /* [CP] Embed Pods Frameworks */,
			);
			buildRules = (
			);
			dependencies = (
			);
			name = ZLGiteeClient;
			productName = ZLGiteeClient;
			productReference = 740C2F602837C49400DAFF0E /* ZLGiteeClient.app */;
			productType = "com.apple.product-type.application";
		};
/* End PBXNativeTarget section */

/* Begin PBXProject section */
		740C2F582837C49400DAFF0E /* Project object */ = {
			isa = PBXProject;
			attributes = {
				BuildIndependentTargetsInParallel = 1;
				LastSwiftUpdateCheck = 1310;
				LastUpgradeCheck = 1310;
				TargetAttributes = {
					740C2F5F2837C49400DAFF0E = {
						CreatedOnToolsVersion = 13.1;
					};
				};
			};
			buildConfigurationList = 740C2F5B2837C49400DAFF0E /* Build configuration list for PBXProject "ZLGiteeClient" */;
			compatibilityVersion = "Xcode 13.0";
			developmentRegion = en;
			hasScannedForEncodings = 0;
			knownRegions = (
				en,
				Base,
			);
			mainGroup = 740C2F572837C49400DAFF0E;
			productRefGroup = 740C2F612837C49400DAFF0E /* Products */;
			projectDirPath = "";
			projectRoot = "";
			targets = (
				740C2F5F2837C49400DAFF0E /* ZLGiteeClient */,
			);
		};
/* End PBXProject section */

/* Begin PBXResourcesBuildPhase section */
		740C2F5E2837C49400DAFF0E /* Resources */ = {
			isa = PBXResourcesBuildPhase;
			buildActionMask = 2147483647;
			files = (
				74AAE5CF2843B5E50030DA01 /* iconfont.ttf in Resources */,
				740C2F6D2837C49600DAFF0E /* Assets.xcassets in Resources */,
			);
			runOnlyForDeploymentPostprocessing = 0;
		};
/* End PBXResourcesBuildPhase section */

/* Begin PBXShellScriptBuildPhase section */
		1A91963D711653CDC8610BD2 /* [CP] Embed Pods Frameworks */ = {
			isa = PBXShellScriptBuildPhase;
			buildActionMask = 2147483647;
			files = (
			);
			inputFileListPaths = (
				"${PODS_ROOT}/Target Support Files/Pods-ZLGiteeClient/Pods-ZLGiteeClient-frameworks-${CONFIGURATION}-input-files.xcfilelist",
			);
			name = "[CP] Embed Pods Frameworks";
			outputFileListPaths = (
				"${PODS_ROOT}/Target Support Files/Pods-ZLGiteeClient/Pods-ZLGiteeClient-frameworks-${CONFIGURATION}-output-files.xcfilelist",
			);
			runOnlyForDeploymentPostprocessing = 0;
			shellPath = /bin/sh;
			shellScript = "\"${PODS_ROOT}/Target Support Files/Pods-ZLGiteeClient/Pods-ZLGiteeClient-frameworks.sh\"\n";
			showEnvVarsInLog = 0;
		};
		FF028417CE71C252A2F694B9 /* [CP] Check Pods Manifest.lock */ = {
			isa = PBXShellScriptBuildPhase;
			buildActionMask = 2147483647;
			files = (
			);
			inputFileListPaths = (
			);
			inputPaths = (
				"${PODS_PODFILE_DIR_PATH}/Podfile.lock",
				"${PODS_ROOT}/Manifest.lock",
			);
			name = "[CP] Check Pods Manifest.lock";
			outputFileListPaths = (
			);
			outputPaths = (
				"$(DERIVED_FILE_DIR)/Pods-ZLGiteeClient-checkManifestLockResult.txt",
			);
			runOnlyForDeploymentPostprocessing = 0;
			shellPath = /bin/sh;
			shellScript = "diff \"${PODS_PODFILE_DIR_PATH}/Podfile.lock\" \"${PODS_ROOT}/Manifest.lock\" > /dev/null\nif [ $? != 0 ] ; then\n    # print error to STDERR\n    echo \"error: The sandbox is not in sync with the Podfile.lock. Run 'pod install' or update your CocoaPods installation.\" >&2\n    exit 1\nfi\n# This output is used by Xcode 'outputs' to avoid re-running this script phase.\necho \"SUCCESS\" > \"${SCRIPT_OUTPUT_FILE_0}\"\n";
			showEnvVarsInLog = 0;
		};
/* End PBXShellScriptBuildPhase section */

/* Begin PBXSourcesBuildPhase section */
		740C2F5C2837C49400DAFF0E /* Sources */ = {
			isa = PBXSourcesBuildPhase;
			buildActionMask = 2147483647;
			files = (
				3151527A2842399E0048DEC6 /* ZLWebContentViewModel.swift in Sources */,
				3171920F284CAC5C00B1EED4 /* ZLRepoHeaderCellData.swift in Sources */,
				74AAE5D12843B95C0030DA01 /* ZLCommonSectionHeaderFooterView.swift in Sources */,
				74AAE5CD2843B03F0030DA01 /* UIImage+IconFont.swift in Sources */,
				31719213284CAC7100B1EED4 /* ZLRepoInfoController.swift in Sources */,
				31F160832848DC61009176A7 /* ZLWorkboardTableViewCell.swift in Sources */,
				740C2F642837C49400DAFF0E /* AppDelegate.swift in Sources */,
				31460EA628488C1700E64254 /* ZLGiteeAppKey.swift in Sources */,
				31D69B442838DDC0009DAEEE /* ZLUserTableViewCell.swift in Sources */,
				740C2F7B2837CC8D00DAFF0E /* ZLWorkBoardController.swift in Sources */,
				740C2F7D2837CCA500DAFF0E /* ZLNotificationsController.swift in Sources */,
				74AAE5CB2843B03F0030DA01 /* ZLIconFont.swift in Sources */,
				74AAE5C0284207400030DA01 /* ZLCommonTableViewCellData.swift in Sources */,
				316BA9EA283E429000E83CC0 /* ZLUserFollowingListController.swift in Sources */,
				3151527C2842399E0048DEC6 /* ZLWebContentView.swift in Sources */,
				74AAE5BA284203EA0030DA01 /* ZLUserInfoController.swift in Sources */,
				3151527B2842399E0048DEC6 /* ZLWebContentController.swift in Sources */,
				31719211284CAC6500B1EED4 /* ZLRepoInfoHeaderCell.swift in Sources */,
				74AAE5C2284207EC0030DA01 /* ZLUserInfoHeaderCellData.swift in Sources */,
				740C2F782837C80A00DAFF0E /* ZLMainViewController.swift in Sources */,
				74AAE5CC2843B03F0030DA01 /* UIFont+IconFont.swift in Sources */,
				31E1E501284AEE6100CE3CFC /* ZLWorkboardTableViewCellData.swift in Sources */,
				74AAE5BE284206DB0030DA01 /* ZLCommonTableViewCell.swift in Sources */,
				31D69B462838DE73009DAEEE /* ZLUserTableViewCellData.swift in Sources */,
				740C2F9C2837E2F800DAFF0E /* ZLRepositoryTableViewCellData.swift in Sources */,
				740C2F7F2837CCB600DAFF0E /* ZLExploreController.swift in Sources */,
				74AAE5D32843BA780030DA01 /* ZLCommonSectionHeaderFooterViewData.swift in Sources */,
				74AAE5BC284204670030DA01 /* ZLUserInfoHeaderCell.swift in Sources */,
				740C2F872837D6B500DAFF0E /* ZLGiteeUserModel.swift in Sources */,
				31D69B3E2838D818009DAEEE /* ZLUserFollowerListController.swift in Sources */,
				740C2F8B2837E13300DAFF0E /* ZLUserReposListController.swift in Sources */,
				3171920D284CAC5300B1EED4 /* ZLRepoInfoPresenter.swift in Sources */,
				3151527F28423C850048DEC6 /* ZLCommonURLManager.swift in Sources */,
				740C2F892837DCB600DAFF0E /* ZLGiteeRepoModel.swift in Sources */,
				740C2F842837D0AF00DAFF0E /* ZLGiteeRequest.swift in Sources */,
				31719219284CAE1B00B1EED4 /* ZLPresenterMessageModel.swift in Sources */,
				740C2F812837CCC400DAFF0E /* ZLProfileController.swift in Sources */,
				315152702842196D0048DEC6 /* UIView+ShareMenu.swift in Sources */,
				31460EA8284892DD00E64254 /* ZLUserStarsListController.swift in Sources */,
				31719217284CAD2400B1EED4 /* ZLCommonTableViewCellDataV2.swift in Sources */,
				740C2F992837E28700DAFF0E /* ZLRepositoryTableViewCell.swift in Sources */,
			);
			runOnlyForDeploymentPostprocessing = 0;
		};
/* End PBXSourcesBuildPhase section */

/* Begin XCBuildConfiguration section */
		740C2F722837C49600DAFF0E /* Debug */ = {
			isa = XCBuildConfiguration;
			buildSettings = {
				ALWAYS_SEARCH_USER_PATHS = NO;
				CLANG_ANALYZER_NONNULL = YES;
				CLANG_ANALYZER_NUMBER_OBJECT_CONVERSION = YES_AGGRESSIVE;
				CLANG_CXX_LANGUAGE_STANDARD = "gnu++17";
				CLANG_CXX_LIBRARY = "libc++";
				CLANG_ENABLE_MODULES = YES;
				CLANG_ENABLE_OBJC_ARC = YES;
				CLANG_ENABLE_OBJC_WEAK = YES;
				CLANG_WARN_BLOCK_CAPTURE_AUTORELEASING = YES;
				CLANG_WARN_BOOL_CONVERSION = YES;
				CLANG_WARN_COMMA = YES;
				CLANG_WARN_CONSTANT_CONVERSION = YES;
				CLANG_WARN_DEPRECATED_OBJC_IMPLEMENTATIONS = YES;
				CLANG_WARN_DIRECT_OBJC_ISA_USAGE = YES_ERROR;
				CLANG_WARN_DOCUMENTATION_COMMENTS = YES;
				CLANG_WARN_EMPTY_BODY = YES;
				CLANG_WARN_ENUM_CONVERSION = YES;
				CLANG_WARN_INFINITE_RECURSION = YES;
				CLANG_WARN_INT_CONVERSION = YES;
				CLANG_WARN_NON_LITERAL_NULL_CONVERSION = YES;
				CLANG_WARN_OBJC_IMPLICIT_RETAIN_SELF = YES;
				CLANG_WARN_OBJC_LITERAL_CONVERSION = YES;
				CLANG_WARN_OBJC_ROOT_CLASS = YES_ERROR;
				CLANG_WARN_QUOTED_INCLUDE_IN_FRAMEWORK_HEADER = YES;
				CLANG_WARN_RANGE_LOOP_ANALYSIS = YES;
				CLANG_WARN_STRICT_PROTOTYPES = YES;
				CLANG_WARN_SUSPICIOUS_MOVE = YES;
				CLANG_WARN_UNGUARDED_AVAILABILITY = YES_AGGRESSIVE;
				CLANG_WARN_UNREACHABLE_CODE = YES;
				CLANG_WARN__DUPLICATE_METHOD_MATCH = YES;
				COPY_PHASE_STRIP = NO;
				DEBUG_INFORMATION_FORMAT = dwarf;
				ENABLE_STRICT_OBJC_MSGSEND = YES;
				ENABLE_TESTABILITY = YES;
				GCC_C_LANGUAGE_STANDARD = gnu11;
				GCC_DYNAMIC_NO_PIC = NO;
				GCC_NO_COMMON_BLOCKS = YES;
				GCC_OPTIMIZATION_LEVEL = 0;
				GCC_PREPROCESSOR_DEFINITIONS = (
					"DEBUG=1",
					"$(inherited)",
				);
				GCC_WARN_64_TO_32_BIT_CONVERSION = YES;
				GCC_WARN_ABOUT_RETURN_TYPE = YES_ERROR;
				GCC_WARN_UNDECLARED_SELECTOR = YES;
				GCC_WARN_UNINITIALIZED_AUTOS = YES_AGGRESSIVE;
				GCC_WARN_UNUSED_FUNCTION = YES;
				GCC_WARN_UNUSED_VARIABLE = YES;
				IPHONEOS_DEPLOYMENT_TARGET = 12.0;
				MTL_ENABLE_DEBUG_INFO = INCLUDE_SOURCE;
				MTL_FAST_MATH = YES;
				ONLY_ACTIVE_ARCH = YES;
				SDKROOT = iphoneos;
				SWIFT_ACTIVE_COMPILATION_CONDITIONS = DEBUG;
				SWIFT_OPTIMIZATION_LEVEL = "-Onone";
			};
			name = Debug;
		};
		740C2F732837C49600DAFF0E /* Release */ = {
			isa = XCBuildConfiguration;
			buildSettings = {
				ALWAYS_SEARCH_USER_PATHS = NO;
				CLANG_ANALYZER_NONNULL = YES;
				CLANG_ANALYZER_NUMBER_OBJECT_CONVERSION = YES_AGGRESSIVE;
				CLANG_CXX_LANGUAGE_STANDARD = "gnu++17";
				CLANG_CXX_LIBRARY = "libc++";
				CLANG_ENABLE_MODULES = YES;
				CLANG_ENABLE_OBJC_ARC = YES;
				CLANG_ENABLE_OBJC_WEAK = YES;
				CLANG_WARN_BLOCK_CAPTURE_AUTORELEASING = YES;
				CLANG_WARN_BOOL_CONVERSION = YES;
				CLANG_WARN_COMMA = YES;
				CLANG_WARN_CONSTANT_CONVERSION = YES;
				CLANG_WARN_DEPRECATED_OBJC_IMPLEMENTATIONS = YES;
				CLANG_WARN_DIRECT_OBJC_ISA_USAGE = YES_ERROR;
				CLANG_WARN_DOCUMENTATION_COMMENTS = YES;
				CLANG_WARN_EMPTY_BODY = YES;
				CLANG_WARN_ENUM_CONVERSION = YES;
				CLANG_WARN_INFINITE_RECURSION = YES;
				CLANG_WARN_INT_CONVERSION = YES;
				CLANG_WARN_NON_LITERAL_NULL_CONVERSION = YES;
				CLANG_WARN_OBJC_IMPLICIT_RETAIN_SELF = YES;
				CLANG_WARN_OBJC_LITERAL_CONVERSION = YES;
				CLANG_WARN_OBJC_ROOT_CLASS = YES_ERROR;
				CLANG_WARN_QUOTED_INCLUDE_IN_FRAMEWORK_HEADER = YES;
				CLANG_WARN_RANGE_LOOP_ANALYSIS = YES;
				CLANG_WARN_STRICT_PROTOTYPES = YES;
				CLANG_WARN_SUSPICIOUS_MOVE = YES;
				CLANG_WARN_UNGUARDED_AVAILABILITY = YES_AGGRESSIVE;
				CLANG_WARN_UNREACHABLE_CODE = YES;
				CLANG_WARN__DUPLICATE_METHOD_MATCH = YES;
				COPY_PHASE_STRIP = NO;
				DEBUG_INFORMATION_FORMAT = "dwarf-with-dsym";
				ENABLE_NS_ASSERTIONS = NO;
				ENABLE_STRICT_OBJC_MSGSEND = YES;
				GCC_C_LANGUAGE_STANDARD = gnu11;
				GCC_NO_COMMON_BLOCKS = YES;
				GCC_WARN_64_TO_32_BIT_CONVERSION = YES;
				GCC_WARN_ABOUT_RETURN_TYPE = YES_ERROR;
				GCC_WARN_UNDECLARED_SELECTOR = YES;
				GCC_WARN_UNINITIALIZED_AUTOS = YES_AGGRESSIVE;
				GCC_WARN_UNUSED_FUNCTION = YES;
				GCC_WARN_UNUSED_VARIABLE = YES;
				IPHONEOS_DEPLOYMENT_TARGET = 12.0;
				MTL_ENABLE_DEBUG_INFO = NO;
				MTL_FAST_MATH = YES;
				SDKROOT = iphoneos;
				SWIFT_COMPILATION_MODE = wholemodule;
				SWIFT_OPTIMIZATION_LEVEL = "-O";
				VALIDATE_PRODUCT = YES;
			};
			name = Release;
		};
		740C2F752837C49600DAFF0E /* Debug */ = {
			isa = XCBuildConfiguration;
			baseConfigurationReference = 52B1746A4644250B6B6B1241 /* Pods-ZLGiteeClient.debug.xcconfig */;
			buildSettings = {
				ASSETCATALOG_COMPILER_APPICON_NAME = AppIcon;
				ASSETCATALOG_COMPILER_GLOBAL_ACCENT_COLOR_NAME = AccentColor;
				CODE_SIGN_IDENTITY = "iPhone Developer";
				CODE_SIGN_STYLE = Manual;
				CURRENT_PROJECT_VERSION = 1;
				DEVELOPMENT_TEAM = 24LG5QVBPR;
				GCC_OPTIMIZATION_LEVEL = 0;
				GENERATE_INFOPLIST_FILE = YES;
				INFOPLIST_FILE = ZLGiteeClient/Info.plist;
				INFOPLIST_KEY_UIApplicationSupportsIndirectInputEvents = YES;
				INFOPLIST_KEY_UILaunchStoryboardName = LaunchScreen;
				INFOPLIST_KEY_UISupportedInterfaceOrientations_iPad = "UIInterfaceOrientationPortrait UIInterfaceOrientationPortraitUpsideDown UIInterfaceOrientationLandscapeLeft UIInterfaceOrientationLandscapeRight";
				INFOPLIST_KEY_UISupportedInterfaceOrientations_iPhone = "UIInterfaceOrientationPortrait UIInterfaceOrientationLandscapeLeft UIInterfaceOrientationLandscapeRight";
				LD_RUNPATH_SEARCH_PATHS = (
					"$(inherited)",
					"@executable_path/Frameworks",
				);
				MARKETING_VERSION = 1.0;
				PRODUCT_BUNDLE_IDENTIFIER = com.zm.ZLGiteeClient;
				PRODUCT_NAME = "$(TARGET_NAME)";
				PROVISIONING_PROFILE_SPECIFIER = "match Development com.zm.*";
				SWIFT_EMIT_LOC_STRINGS = YES;
				SWIFT_VERSION = 5.0;
				TARGETED_DEVICE_FAMILY = "1,2";
			};
			name = Debug;
		};
		740C2F762837C49600DAFF0E /* Release */ = {
			isa = XCBuildConfiguration;
			baseConfigurationReference = 7A7D211429EFF5EF4F067B6B /* Pods-ZLGiteeClient.release.xcconfig */;
			buildSettings = {
				ASSETCATALOG_COMPILER_APPICON_NAME = AppIcon;
				ASSETCATALOG_COMPILER_GLOBAL_ACCENT_COLOR_NAME = AccentColor;
				CODE_SIGN_IDENTITY = "iPhone Developer";
				CODE_SIGN_STYLE = Manual;
				CURRENT_PROJECT_VERSION = 1;
				DEVELOPMENT_TEAM = 24LG5QVBPR;
				GENERATE_INFOPLIST_FILE = YES;
				INFOPLIST_FILE = ZLGiteeClient/Info.plist;
				INFOPLIST_KEY_UIApplicationSupportsIndirectInputEvents = YES;
				INFOPLIST_KEY_UILaunchStoryboardName = LaunchScreen;
				INFOPLIST_KEY_UISupportedInterfaceOrientations_iPad = "UIInterfaceOrientationPortrait UIInterfaceOrientationPortraitUpsideDown UIInterfaceOrientationLandscapeLeft UIInterfaceOrientationLandscapeRight";
				INFOPLIST_KEY_UISupportedInterfaceOrientations_iPhone = "UIInterfaceOrientationPortrait UIInterfaceOrientationLandscapeLeft UIInterfaceOrientationLandscapeRight";
				LD_RUNPATH_SEARCH_PATHS = (
					"$(inherited)",
					"@executable_path/Frameworks",
				);
				MARKETING_VERSION = 1.0;
				PRODUCT_BUNDLE_IDENTIFIER = com.zm.ZLGiteeClient;
				PRODUCT_NAME = "$(TARGET_NAME)";
				PROVISIONING_PROFILE_SPECIFIER = "match Development com.zm.*";
				SWIFT_EMIT_LOC_STRINGS = YES;
				SWIFT_VERSION = 5.0;
				TARGETED_DEVICE_FAMILY = "1,2";
			};
			name = Release;
		};
/* End XCBuildConfiguration section */

/* Begin XCConfigurationList section */
		740C2F5B2837C49400DAFF0E /* Build configuration list for PBXProject "ZLGiteeClient" */ = {
			isa = XCConfigurationList;
			buildConfigurations = (
				740C2F722837C49600DAFF0E /* Debug */,
				740C2F732837C49600DAFF0E /* Release */,
			);
			defaultConfigurationIsVisible = 0;
			defaultConfigurationName = Release;
		};
		740C2F742837C49600DAFF0E /* Build configuration list for PBXNativeTarget "ZLGiteeClient" */ = {
			isa = XCConfigurationList;
			buildConfigurations = (
				740C2F752837C49600DAFF0E /* Debug */,
				740C2F762837C49600DAFF0E /* Release */,
			);
			defaultConfigurationIsVisible = 0;
			defaultConfigurationName = Release;
		};
/* End XCConfigurationList section */
	};
	rootObject = 740C2F582837C49400DAFF0E /* Project object */;
}
