// !$*UTF8*$!
{
	archiveVersion = 1;
	classes = {
	};
	objectVersion = 55;
	objects = {

/* Begin PBXBuildFile section */
		0251B3525D755171B717C966 /* libPods-ZLGiteeClient.a in Frameworks */ = {isa = PBXBuildFile; fileRef = 729C778147D1FA3E2D617FAB /* libPods-ZLGiteeClient.a */; };
		184F8744E13D84D1A27F8BBE /* PrivacyInfo.xcprivacy in Resources */ = {isa = PBXBuildFile; fileRef = DE44F59C64C3DA914E96BF0B /* PrivacyInfo.xcprivacy */; };
		31460EA628488C1700E64254 /* ZLGiteeAppKey.swift in Sources */ = {isa = PBXBuildFile; fileRef = 31460EA528488C1700E64254 /* ZLGiteeAppKey.swift */; };
		31460EA8284892DD00E64254 /* ZLUserStarsListController.swift in Sources */ = {isa = PBXBuildFile; fileRef = 31460EA7284892DD00E64254 /* ZLUserStarsListController.swift */; };
		315152702842196D0048DEC6 /* UIView+ShareMenu.swift in Sources */ = {isa = PBXBuildFile; fileRef = 3151526F2842196D0048DEC6 /* UIView+ShareMenu.swift */; };
		3151527A2842399E0048DEC6 /* ZLWebContentViewModel.swift in Sources */ = {isa = PBXBuildFile; fileRef = 315152752842399E0048DEC6 /* ZLWebContentViewModel.swift */; };
		3151527B2842399E0048DEC6 /* ZLWebContentController.swift in Sources */ = {isa = PBXBuildFile; fileRef = 315152772842399E0048DEC6 /* ZLWebContentController.swift */; };
		3151527C2842399E0048DEC6 /* ZLWebContentView.swift in Sources */ = {isa = PBXBuildFile; fileRef = 315152792842399E0048DEC6 /* ZLWebContentView.swift */; };
		3151527F28423C850048DEC6 /* ZLCommonURLManager.swift in Sources */ = {isa = PBXBuildFile; fileRef = 3151527E28423C850048DEC6 /* ZLCommonURLManager.swift */; };
		316BA9EA283E429000E83CC0 /* ZLUserFollowingListController.swift in Sources */ = {isa = PBXBuildFile; fileRef = 316BA9E9283E429000E83CC0 /* ZLUserFollowingListController.swift */; };
		3171920D284CAC5300B1EED4 /* ZLRepoInfoStateModel.swift in Sources */ = {isa = PBXBuildFile; fileRef = 3171920C284CAC5300B1EED4 /* ZLRepoInfoStateModel.swift */; };
		3171920F284CAC5C00B1EED4 /* ZLRepoHeaderCellData.swift in Sources */ = {isa = PBXBuildFile; fileRef = 3171920E284CAC5C00B1EED4 /* ZLRepoHeaderCellData.swift */; };
		31719211284CAC6500B1EED4 /* ZLRepoInfoHeaderCell.swift in Sources */ = {isa = PBXBuildFile; fileRef = 31719210284CAC6500B1EED4 /* ZLRepoInfoHeaderCell.swift */; };
		31719213284CAC7100B1EED4 /* ZLRepoInfoController.swift in Sources */ = {isa = PBXBuildFile; fileRef = 31719212284CAC7100B1EED4 /* ZLRepoInfoController.swift */; };
		31719217284CAD2400B1EED4 /* ZLCommonTableViewCellDataV2.swift in Sources */ = {isa = PBXBuildFile; fileRef = 31719216284CAD2400B1EED4 /* ZLCommonTableViewCellDataV2.swift */; };
		31719219284CAE1B00B1EED4 /* ZLPresenterMessageModel.swift in Sources */ = {isa = PBXBuildFile; fileRef = 31719218284CAE1B00B1EED4 /* ZLPresenterMessageModel.swift */; };
		31D69B3E2838D818009DAEEE /* ZLUserFollowerListController.swift in Sources */ = {isa = PBXBuildFile; fileRef = 31D69B3D2838D818009DAEEE /* ZLUserFollowerListController.swift */; };
		31D69B442838DDC0009DAEEE /* ZLUserTableViewCell.swift in Sources */ = {isa = PBXBuildFile; fileRef = 31D69B432838DDC0009DAEEE /* ZLUserTableViewCell.swift */; };
		31D69B462838DE73009DAEEE /* ZLUserTableViewCellData.swift in Sources */ = {isa = PBXBuildFile; fileRef = 31D69B452838DE73009DAEEE /* ZLUserTableViewCellData.swift */; };
		740C2F642837C49400DAFF0E /* AppDelegate.swift in Sources */ = {isa = PBXBuildFile; fileRef = 740C2F632837C49400DAFF0E /* AppDelegate.swift */; };
		740C2F6D2837C49600DAFF0E /* Assets.xcassets in Resources */ = {isa = PBXBuildFile; fileRef = 740C2F6C2837C49600DAFF0E /* Assets.xcassets */; };
		740C2F782837C80A00DAFF0E /* ZLMainViewController.swift in Sources */ = {isa = PBXBuildFile; fileRef = 740C2F772837C80A00DAFF0E /* ZLMainViewController.swift */; };
		740C2F7B2837CC8D00DAFF0E /* ZLWorkBoardController.swift in Sources */ = {isa = PBXBuildFile; fileRef = 740C2F7A2837CC8C00DAFF0E /* ZLWorkBoardController.swift */; };
		740C2F7D2837CCA500DAFF0E /* ZLNotificationsController.swift in Sources */ = {isa = PBXBuildFile; fileRef = 740C2F7C2837CCA500DAFF0E /* ZLNotificationsController.swift */; };
		740C2F7F2837CCB600DAFF0E /* ZLExploreController.swift in Sources */ = {isa = PBXBuildFile; fileRef = 740C2F7E2837CCB600DAFF0E /* ZLExploreController.swift */; };
		740C2F812837CCC400DAFF0E /* ZLProfileController.swift in Sources */ = {isa = PBXBuildFile; fileRef = 740C2F802837CCC400DAFF0E /* ZLProfileController.swift */; };
		740C2F842837D0AF00DAFF0E /* ZLGiteeRequest.swift in Sources */ = {isa = PBXBuildFile; fileRef = 740C2F832837D0AF00DAFF0E /* ZLGiteeRequest.swift */; };
		740C2F872837D6B500DAFF0E /* ZLGiteeUserModel.swift in Sources */ = {isa = PBXBuildFile; fileRef = 740C2F862837D6B500DAFF0E /* ZLGiteeUserModel.swift */; };
		740C2F892837DCB600DAFF0E /* ZLGiteeRepoModel.swift in Sources */ = {isa = PBXBuildFile; fileRef = 740C2F882837DCB600DAFF0E /* ZLGiteeRepoModel.swift */; };
		740C2F8B2837E13300DAFF0E /* ZLUserReposListController.swift in Sources */ = {isa = PBXBuildFile; fileRef = 740C2F8A2837E13300DAFF0E /* ZLUserReposListController.swift */; };
		740C2F992837E28700DAFF0E /* ZLRepositoryTableViewCell.swift in Sources */ = {isa = PBXBuildFile; fileRef = 740C2F982837E28700DAFF0E /* ZLRepositoryTableViewCell.swift */; };
		740C2F9C2837E2F800DAFF0E /* ZLRepositoryTableViewCellData.swift in Sources */ = {isa = PBXBuildFile; fileRef = 740C2F9B2837E2F800DAFF0E /* ZLRepositoryTableViewCellData.swift */; };
		746719D52B8C472E003E1D4B /* RestTargetType.swift in Sources */ = {isa = PBXBuildFile; fileRef = 746719D42B8C472E003E1D4B /* RestTargetType.swift */; };
		746719DC2B8C79C7003E1D4B /* ZLRepoIssueListController.swift in Sources */ = {isa = PBXBuildFile; fileRef = 746719DB2B8C79C7003E1D4B /* ZLRepoIssueListController.swift */; };
		746719DE2B8C7B52003E1D4B /* ZLIssueTableViewCell.swift in Sources */ = {isa = PBXBuildFile; fileRef = 746719DD2B8C7B52003E1D4B /* ZLIssueTableViewCell.swift */; };
		746719E02B8C7B9F003E1D4B /* Swift-Prefix.swift in Sources */ = {isa = PBXBuildFile; fileRef = 746719DF2B8C7B9F003E1D4B /* Swift-Prefix.swift */; };
		746719E22B8C7C52003E1D4B /* ZLGiteeIssueModel.swift in Sources */ = {isa = PBXBuildFile; fileRef = 746719E12B8C7C52003E1D4B /* ZLGiteeIssueModel.swift */; };
		746719E42B8C8CF6003E1D4B /* ZLIssueTableViewCellData.swift in Sources */ = {isa = PBXBuildFile; fileRef = 746719E32B8C8CF6003E1D4B /* ZLIssueTableViewCellData.swift */; };
		746719E62B8C9911003E1D4B /* ZLRepoStarsListController.swift in Sources */ = {isa = PBXBuildFile; fileRef = 746719E52B8C9911003E1D4B /* ZLRepoStarsListController.swift */; };
		746719E82B8C99A2003E1D4B /* ZLRepoWatchingListController.swift in Sources */ = {isa = PBXBuildFile; fileRef = 746719E72B8C99A2003E1D4B /* ZLRepoWatchingListController.swift */; };
		746719EA2B8C99F8003E1D4B /* ZLRepoForksListController.swift in Sources */ = {isa = PBXBuildFile; fileRef = 746719E92B8C99F8003E1D4B /* ZLRepoForksListController.swift */; };
		746719EE2B8CA8FF003E1D4B /* ZLExploreChildListController.swift in Sources */ = {isa = PBXBuildFile; fileRef = 746719ED2B8CA8FF003E1D4B /* ZLExploreChildListController.swift */; };
		746719F02B8CC3F7003E1D4B /* ZLRepositoryTableViewCellDataForV3API.swift in Sources */ = {isa = PBXBuildFile; fileRef = 746719EF2B8CC3F7003E1D4B /* ZLRepositoryTableViewCellDataForV3API.swift */; };
		746719F22B8CC794003E1D4B /* ZLSearchController.swift in Sources */ = {isa = PBXBuildFile; fileRef = 746719F12B8CC794003E1D4B /* ZLSearchController.swift */; };
		746719F42B8CC889003E1D4B /* ZLSearchChildListController.swift in Sources */ = {isa = PBXBuildFile; fileRef = 746719F32B8CC889003E1D4B /* ZLSearchChildListController.swift */; };
		746ADF592B94D41B0032E2A8 /* ZLRepoCommitsListController.swift in Sources */ = {isa = PBXBuildFile; fileRef = 746ADF582B94D41B0032E2A8 /* ZLRepoCommitsListController.swift */; };
		746ADF5B2B94D4BD0032E2A8 /* ZLCommitTableViewCell.swift in Sources */ = {isa = PBXBuildFile; fileRef = 746ADF5A2B94D4BD0032E2A8 /* ZLCommitTableViewCell.swift */; };
		746ADF5D2B94D5900032E2A8 /* ZLGiteeCommitModel.swift in Sources */ = {isa = PBXBuildFile; fileRef = 746ADF5C2B94D5900032E2A8 /* ZLGiteeCommitModel.swift */; };
		746ADF5F2B94D7DC0032E2A8 /* ZLCommitTableViewCellData.swift in Sources */ = {isa = PBXBuildFile; fileRef = 746ADF5E2B94D7DC0032E2A8 /* ZLCommitTableViewCellData.swift */; };
		746ADF642B95F2FE0032E2A8 /* ZLGiteeOAuthController.swift in Sources */ = {isa = PBXBuildFile; fileRef = 746ADF612B95F2FE0032E2A8 /* ZLGiteeOAuthController.swift */; };
		746ADF652B95F2FE0032E2A8 /* ZLGiteeScope.swift in Sources */ = {isa = PBXBuildFile; fileRef = 746ADF622B95F2FE0032E2A8 /* ZLGiteeScope.swift */; };
		746ADF662B95F2FE0032E2A8 /* ZLGiteeOAuthManager.swift in Sources */ = {isa = PBXBuildFile; fileRef = 746ADF632B95F2FE0032E2A8 /* ZLGiteeOAuthManager.swift */; };
		746ADF692B98CBEF0032E2A8 /* Launch Screen.storyboard in Resources */ = {isa = PBXBuildFile; fileRef = 746ADF682B98CBEF0032E2A8 /* Launch Screen.storyboard */; };
		748CE9F62BF664C300EEE893 /* ZLCreateEventTableViewCellData.swift in Sources */ = {isa = PBXBuildFile; fileRef = 748CE9F52BF664C300EEE893 /* ZLCreateEventTableViewCellData.swift */; };
		74AAB0332BB03392005609A4 /* ZLWorkBoardItemController.swift in Sources */ = {isa = PBXBuildFile; fileRef = 74AAB0322BB03392005609A4 /* ZLWorkBoardItemController.swift */; };
		74AAB03A2BB063D9005609A4 /* ZLWorkBoardItemCell.swift in Sources */ = {isa = PBXBuildFile; fileRef = 74AAB0392BB063D9005609A4 /* ZLWorkBoardItemCell.swift */; };
		74AAB03C2BB07772005609A4 /* ZLMyRepoListController.swift in Sources */ = {isa = PBXBuildFile; fileRef = 74AAB03B2BB07772005609A4 /* ZLMyRepoListController.swift */; };
		74AAB03E2BB1BEC9005609A4 /* ZLWorkBoardBaseInfoView.swift in Sources */ = {isa = PBXBuildFile; fileRef = 74AAB03D2BB1BEC9005609A4 /* ZLWorkBoardBaseInfoView.swift */; };
		74AAB0402BB1BF08005609A4 /* ZLWorkBoardBaseItemView.swift in Sources */ = {isa = PBXBuildFile; fileRef = 74AAB03F2BB1BF08005609A4 /* ZLWorkBoardBaseItemView.swift */; };
		74AAB0442BB1C445005609A4 /* ZLGiteeContributionsView.swift in Sources */ = {isa = PBXBuildFile; fileRef = 74AAB0432BB1C445005609A4 /* ZLGiteeContributionsView.swift */; };
		74AAB0472BB32EA7005609A4 /* ZLMyRepoModel.swift in Sources */ = {isa = PBXBuildFile; fileRef = 74AAB0462BB32EA7005609A4 /* ZLMyRepoModel.swift */; };
		74AAB0492BB47B26005609A4 /* ZLOrgTableViewCell.swift in Sources */ = {isa = PBXBuildFile; fileRef = 74AAB0482BB47B26005609A4 /* ZLOrgTableViewCell.swift */; };
		74AAB04B2BB47BDB005609A4 /* ZLGiteeOrgModel.swift in Sources */ = {isa = PBXBuildFile; fileRef = 74AAB04A2BB47BDB005609A4 /* ZLGiteeOrgModel.swift */; };
		74AAB04D2BB47C4D005609A4 /* ZLOrgTableViewCellData.swift in Sources */ = {isa = PBXBuildFile; fileRef = 74AAB04C2BB47C4D005609A4 /* ZLOrgTableViewCellData.swift */; };
		74AAB04F2BB47DA6005609A4 /* ZLMyOrgListController.swift in Sources */ = {isa = PBXBuildFile; fileRef = 74AAB04E2BB47DA6005609A4 /* ZLMyOrgListController.swift */; };
		74AAB0522BB48081005609A4 /* UIImage+PlaceHolder.swift in Sources */ = {isa = PBXBuildFile; fileRef = 74AAB0512BB48081005609A4 /* UIImage+PlaceHolder.swift */; };
		74AAE5BA284203EA0030DA01 /* ZLUserInfoController.swift in Sources */ = {isa = PBXBuildFile; fileRef = 74AAE5B9284203EA0030DA01 /* ZLUserInfoController.swift */; };
		74AAE5BC284204670030DA01 /* ZLUserInfoHeaderCell.swift in Sources */ = {isa = PBXBuildFile; fileRef = 74AAE5BB284204670030DA01 /* ZLUserInfoHeaderCell.swift */; };
		74AAE5BE284206DB0030DA01 /* ZLCommonTableViewCell.swift in Sources */ = {isa = PBXBuildFile; fileRef = 74AAE5BD284206DB0030DA01 /* ZLCommonTableViewCell.swift */; };
		74AAE5C0284207400030DA01 /* ZLCommonTableViewCellData.swift in Sources */ = {isa = PBXBuildFile; fileRef = 74AAE5BF284207400030DA01 /* ZLCommonTableViewCellData.swift */; };
		74AAE5C2284207EC0030DA01 /* ZLUserInfoHeaderCellData.swift in Sources */ = {isa = PBXBuildFile; fileRef = 74AAE5C1284207EC0030DA01 /* ZLUserInfoHeaderCellData.swift */; };
		74AAE5CF2843B5E50030DA01 /* iconfont.ttf in Resources */ = {isa = PBXBuildFile; fileRef = 74AAE5CE2843B5E50030DA01 /* iconfont.ttf */; };
		74AAE5D12843B95C0030DA01 /* ZLCommonSectionHeaderFooterView.swift in Sources */ = {isa = PBXBuildFile; fileRef = 74AAE5D02843B95C0030DA01 /* ZLCommonSectionHeaderFooterView.swift */; };
		74B124662BA2061900E41838 /* ZLWorkBoardHeaderView.swift in Sources */ = {isa = PBXBuildFile; fileRef = 74B124652BA2061900E41838 /* ZLWorkBoardHeaderView.swift */; };
		74B124682BA20B0B00E41838 /* ZLWorkBoardEventController.swift in Sources */ = {isa = PBXBuildFile; fileRef = 74B124672BA20B0B00E41838 /* ZLWorkBoardEventController.swift */; };
		74B2DC2A2BC6FF1600FADC21 /* ZLGiteeFileContentModel.swift in Sources */ = {isa = PBXBuildFile; fileRef = 74B2DC292BC6FF1600FADC21 /* ZLGiteeFileContentModel.swift */; };
		74B2DC2D2BC7026A00FADC21 /* ZLReadMeView.swift in Sources */ = {isa = PBXBuildFile; fileRef = 74B2DC2B2BC7026A00FADC21 /* ZLReadMeView.swift */; };
		74B2DC322BC702DA00FADC21 /* github_style_markdown.css in Resources */ = {isa = PBXBuildFile; fileRef = 74B2DC2F2BC702DA00FADC21 /* github_style_markdown.css */; };
		74B2DC332BC702DA00FADC21 /* github_style_dark_markdown.css in Resources */ = {isa = PBXBuildFile; fileRef = 74B2DC302BC702DA00FADC21 /* github_style_dark_markdown.css */; };
		74B2DC342BC702DA00FADC21 /* github_style.html in Resources */ = {isa = PBXBuildFile; fileRef = 74B2DC312BC702DA00FADC21 /* github_style.html */; };
		74B2DC372BC7035400FADC21 /* ZLMainThreadDispatch.swift in Sources */ = {isa = PBXBuildFile; fileRef = 74B2DC362BC7035400FADC21 /* ZLMainThreadDispatch.swift */; };
		74B2DC392BDD3F5000FADC21 /* ZLRepoBranchesView.swift in Sources */ = {isa = PBXBuildFile; fileRef = 74B2DC382BDD3F5000FADC21 /* ZLRepoBranchesView.swift */; };
		74B2DC3B2BDD429900FADC21 /* ZLGiteeBranchModel.swift in Sources */ = {isa = PBXBuildFile; fileRef = 74B2DC3A2BDD429900FADC21 /* ZLGiteeBranchModel.swift */; };
		74CC74C72BA09983002C93DE /* ZLGiteeLoginController.swift in Sources */ = {isa = PBXBuildFile; fileRef = 74CC74C62BA09983002C93DE /* ZLGiteeLoginController.swift */; };
		74CC74C92BA0A540002C93DE /* ZLGiteeOAuthUserServiceModel.swift in Sources */ = {isa = PBXBuildFile; fileRef = 74CC74C82BA0A540002C93DE /* ZLGiteeOAuthUserServiceModel.swift */; };
		74FAFF482BF3AEE1002E74E1 /* ZLRepoContentController.swift in Sources */ = {isa = PBXBuildFile; fileRef = 74FAFF472BF3AEE1002E74E1 /* ZLRepoContentController.swift */; };
		74FAFF4B2BF3B481002E74E1 /* ZLRepoContentTableViewCell.swift in Sources */ = {isa = PBXBuildFile; fileRef = 74FAFF4A2BF3B481002E74E1 /* ZLRepoContentTableViewCell.swift */; };
		74FAFF4F2BF50128002E74E1 /* ZLReceivedEventController.swift in Sources */ = {isa = PBXBuildFile; fileRef = 74FAFF4E2BF50128002E74E1 /* ZLReceivedEventController.swift */; };
		74FAFF512BF505DE002E74E1 /* ZLGiteeEventModel.swift in Sources */ = {isa = PBXBuildFile; fileRef = 74FAFF502BF505DE002E74E1 /* ZLGiteeEventModel.swift */; };
		74FAFF542BF50E4E002E74E1 /* ZLEventTableViewCell.swift in Sources */ = {isa = PBXBuildFile; fileRef = 74FAFF532BF50E4E002E74E1 /* ZLEventTableViewCell.swift */; };
		74FAFF572BF51274002E74E1 /* ZLEventTableViewCellData.swift in Sources */ = {isa = PBXBuildFile; fileRef = 74FAFF562BF51274002E74E1 /* ZLEventTableViewCellData.swift */; };
/* End PBXBuildFile section */

/* Begin PBXFileReference section */
		31460EA528488C1700E64254 /* ZLGiteeAppKey.swift */ = {isa = PBXFileReference; lastKnownFileType = sourcecode.swift; path = ZLGiteeAppKey.swift; sourceTree = "<group>"; };
		31460EA7284892DD00E64254 /* ZLUserStarsListController.swift */ = {isa = PBXFileReference; lastKnownFileType = sourcecode.swift; path = ZLUserStarsListController.swift; sourceTree = "<group>"; };
		3151526F2842196D0048DEC6 /* UIView+ShareMenu.swift */ = {isa = PBXFileReference; fileEncoding = 4; lastKnownFileType = sourcecode.swift; path = "UIView+ShareMenu.swift"; sourceTree = "<group>"; };
		315152752842399E0048DEC6 /* ZLWebContentViewModel.swift */ = {isa = PBXFileReference; fileEncoding = 4; lastKnownFileType = sourcecode.swift; path = ZLWebContentViewModel.swift; sourceTree = "<group>"; };
		315152772842399E0048DEC6 /* ZLWebContentController.swift */ = {isa = PBXFileReference; fileEncoding = 4; lastKnownFileType = sourcecode.swift; path = ZLWebContentController.swift; sourceTree = "<group>"; };
		315152792842399E0048DEC6 /* ZLWebContentView.swift */ = {isa = PBXFileReference; fileEncoding = 4; lastKnownFileType = sourcecode.swift; path = ZLWebContentView.swift; sourceTree = "<group>"; };
		3151527E28423C850048DEC6 /* ZLCommonURLManager.swift */ = {isa = PBXFileReference; fileEncoding = 4; lastKnownFileType = sourcecode.swift; path = ZLCommonURLManager.swift; sourceTree = "<group>"; };
		316BA9E9283E429000E83CC0 /* ZLUserFollowingListController.swift */ = {isa = PBXFileReference; lastKnownFileType = sourcecode.swift; path = ZLUserFollowingListController.swift; sourceTree = "<group>"; };
		3171920C284CAC5300B1EED4 /* ZLRepoInfoStateModel.swift */ = {isa = PBXFileReference; fileEncoding = 4; lastKnownFileType = sourcecode.swift; path = ZLRepoInfoStateModel.swift; sourceTree = "<group>"; };
		3171920E284CAC5C00B1EED4 /* ZLRepoHeaderCellData.swift */ = {isa = PBXFileReference; fileEncoding = 4; lastKnownFileType = sourcecode.swift; path = ZLRepoHeaderCellData.swift; sourceTree = "<group>"; };
		31719210284CAC6500B1EED4 /* ZLRepoInfoHeaderCell.swift */ = {isa = PBXFileReference; fileEncoding = 4; lastKnownFileType = sourcecode.swift; path = ZLRepoInfoHeaderCell.swift; sourceTree = "<group>"; };
		31719212284CAC7100B1EED4 /* ZLRepoInfoController.swift */ = {isa = PBXFileReference; fileEncoding = 4; lastKnownFileType = sourcecode.swift; path = ZLRepoInfoController.swift; sourceTree = "<group>"; };
		31719216284CAD2400B1EED4 /* ZLCommonTableViewCellDataV2.swift */ = {isa = PBXFileReference; fileEncoding = 4; lastKnownFileType = sourcecode.swift; path = ZLCommonTableViewCellDataV2.swift; sourceTree = "<group>"; };
		31719218284CAE1B00B1EED4 /* ZLPresenterMessageModel.swift */ = {isa = PBXFileReference; fileEncoding = 4; lastKnownFileType = sourcecode.swift; path = ZLPresenterMessageModel.swift; sourceTree = "<group>"; };
		31D69B3D2838D818009DAEEE /* ZLUserFollowerListController.swift */ = {isa = PBXFileReference; lastKnownFileType = sourcecode.swift; path = ZLUserFollowerListController.swift; sourceTree = "<group>"; };
		31D69B432838DDC0009DAEEE /* ZLUserTableViewCell.swift */ = {isa = PBXFileReference; fileEncoding = 4; lastKnownFileType = sourcecode.swift; path = ZLUserTableViewCell.swift; sourceTree = "<group>"; };
		31D69B452838DE73009DAEEE /* ZLUserTableViewCellData.swift */ = {isa = PBXFileReference; fileEncoding = 4; lastKnownFileType = sourcecode.swift; path = ZLUserTableViewCellData.swift; sourceTree = "<group>"; };
		52B1746A4644250B6B6B1241 /* Pods-ZLGiteeClient.debug.xcconfig */ = {isa = PBXFileReference; includeInIndex = 1; lastKnownFileType = text.xcconfig; name = "Pods-ZLGiteeClient.debug.xcconfig"; path = "Target Support Files/Pods-ZLGiteeClient/Pods-ZLGiteeClient.debug.xcconfig"; sourceTree = "<group>"; };
		729C778147D1FA3E2D617FAB /* libPods-ZLGiteeClient.a */ = {isa = PBXFileReference; explicitFileType = archive.ar; includeInIndex = 0; path = "libPods-ZLGiteeClient.a"; sourceTree = BUILT_PRODUCTS_DIR; };
		740C2F602837C49400DAFF0E /* ZLGiteeClient.app */ = {isa = PBXFileReference; explicitFileType = wrapper.application; includeInIndex = 0; path = ZLGiteeClient.app; sourceTree = BUILT_PRODUCTS_DIR; };
		740C2F632837C49400DAFF0E /* AppDelegate.swift */ = {isa = PBXFileReference; lastKnownFileType = sourcecode.swift; path = AppDelegate.swift; sourceTree = "<group>"; };
		740C2F6C2837C49600DAFF0E /* Assets.xcassets */ = {isa = PBXFileReference; lastKnownFileType = folder.assetcatalog; path = Assets.xcassets; sourceTree = "<group>"; };
		740C2F712837C49600DAFF0E /* Info.plist */ = {isa = PBXFileReference; lastKnownFileType = text.plist.xml; path = Info.plist; sourceTree = "<group>"; };
		740C2F772837C80A00DAFF0E /* ZLMainViewController.swift */ = {isa = PBXFileReference; lastKnownFileType = sourcecode.swift; path = ZLMainViewController.swift; sourceTree = "<group>"; };
		740C2F7A2837CC8C00DAFF0E /* ZLWorkBoardController.swift */ = {isa = PBXFileReference; lastKnownFileType = sourcecode.swift; path = ZLWorkBoardController.swift; sourceTree = "<group>"; };
		740C2F7C2837CCA500DAFF0E /* ZLNotificationsController.swift */ = {isa = PBXFileReference; lastKnownFileType = sourcecode.swift; path = ZLNotificationsController.swift; sourceTree = "<group>"; };
		740C2F7E2837CCB600DAFF0E /* ZLExploreController.swift */ = {isa = PBXFileReference; lastKnownFileType = sourcecode.swift; path = ZLExploreController.swift; sourceTree = "<group>"; };
		740C2F802837CCC400DAFF0E /* ZLProfileController.swift */ = {isa = PBXFileReference; lastKnownFileType = sourcecode.swift; path = ZLProfileController.swift; sourceTree = "<group>"; };
		740C2F832837D0AF00DAFF0E /* ZLGiteeRequest.swift */ = {isa = PBXFileReference; lastKnownFileType = sourcecode.swift; path = ZLGiteeRequest.swift; sourceTree = "<group>"; };
		740C2F862837D6B500DAFF0E /* ZLGiteeUserModel.swift */ = {isa = PBXFileReference; lastKnownFileType = sourcecode.swift; path = ZLGiteeUserModel.swift; sourceTree = "<group>"; };
		740C2F882837DCB600DAFF0E /* ZLGiteeRepoModel.swift */ = {isa = PBXFileReference; lastKnownFileType = sourcecode.swift; path = ZLGiteeRepoModel.swift; sourceTree = "<group>"; };
		740C2F8A2837E13300DAFF0E /* ZLUserReposListController.swift */ = {isa = PBXFileReference; lastKnownFileType = sourcecode.swift; path = ZLUserReposListController.swift; sourceTree = "<group>"; };
		740C2F982837E28700DAFF0E /* ZLRepositoryTableViewCell.swift */ = {isa = PBXFileReference; fileEncoding = 4; lastKnownFileType = sourcecode.swift; path = ZLRepositoryTableViewCell.swift; sourceTree = "<group>"; };
		740C2F9B2837E2F800DAFF0E /* ZLRepositoryTableViewCellData.swift */ = {isa = PBXFileReference; lastKnownFileType = sourcecode.swift; path = ZLRepositoryTableViewCellData.swift; sourceTree = "<group>"; };
		746719D42B8C472E003E1D4B /* RestTargetType.swift */ = {isa = PBXFileReference; lastKnownFileType = sourcecode.swift; path = RestTargetType.swift; sourceTree = "<group>"; };
		746719DB2B8C79C7003E1D4B /* ZLRepoIssueListController.swift */ = {isa = PBXFileReference; lastKnownFileType = sourcecode.swift; path = ZLRepoIssueListController.swift; sourceTree = "<group>"; };
		746719DD2B8C7B52003E1D4B /* ZLIssueTableViewCell.swift */ = {isa = PBXFileReference; fileEncoding = 4; lastKnownFileType = sourcecode.swift; path = ZLIssueTableViewCell.swift; sourceTree = "<group>"; };
		746719DF2B8C7B9F003E1D4B /* Swift-Prefix.swift */ = {isa = PBXFileReference; lastKnownFileType = sourcecode.swift; path = "Swift-Prefix.swift"; sourceTree = "<group>"; };
		746719E12B8C7C52003E1D4B /* ZLGiteeIssueModel.swift */ = {isa = PBXFileReference; lastKnownFileType = sourcecode.swift; path = ZLGiteeIssueModel.swift; sourceTree = "<group>"; };
		746719E32B8C8CF6003E1D4B /* ZLIssueTableViewCellData.swift */ = {isa = PBXFileReference; fileEncoding = 4; lastKnownFileType = sourcecode.swift; path = ZLIssueTableViewCellData.swift; sourceTree = "<group>"; };
		746719E52B8C9911003E1D4B /* ZLRepoStarsListController.swift */ = {isa = PBXFileReference; lastKnownFileType = sourcecode.swift; path = ZLRepoStarsListController.swift; sourceTree = "<group>"; };
		746719E72B8C99A2003E1D4B /* ZLRepoWatchingListController.swift */ = {isa = PBXFileReference; lastKnownFileType = sourcecode.swift; path = ZLRepoWatchingListController.swift; sourceTree = "<group>"; };
		746719E92B8C99F8003E1D4B /* ZLRepoForksListController.swift */ = {isa = PBXFileReference; lastKnownFileType = sourcecode.swift; path = ZLRepoForksListController.swift; sourceTree = "<group>"; };
		746719ED2B8CA8FF003E1D4B /* ZLExploreChildListController.swift */ = {isa = PBXFileReference; lastKnownFileType = sourcecode.swift; path = ZLExploreChildListController.swift; sourceTree = "<group>"; };
		746719EF2B8CC3F7003E1D4B /* ZLRepositoryTableViewCellDataForV3API.swift */ = {isa = PBXFileReference; lastKnownFileType = sourcecode.swift; path = ZLRepositoryTableViewCellDataForV3API.swift; sourceTree = "<group>"; };
		746719F12B8CC794003E1D4B /* ZLSearchController.swift */ = {isa = PBXFileReference; lastKnownFileType = sourcecode.swift; path = ZLSearchController.swift; sourceTree = "<group>"; };
		746719F32B8CC889003E1D4B /* ZLSearchChildListController.swift */ = {isa = PBXFileReference; lastKnownFileType = sourcecode.swift; path = ZLSearchChildListController.swift; sourceTree = "<group>"; };
		746ADF582B94D41B0032E2A8 /* ZLRepoCommitsListController.swift */ = {isa = PBXFileReference; lastKnownFileType = sourcecode.swift; path = ZLRepoCommitsListController.swift; sourceTree = "<group>"; };
		746ADF5A2B94D4BD0032E2A8 /* ZLCommitTableViewCell.swift */ = {isa = PBXFileReference; fileEncoding = 4; lastKnownFileType = sourcecode.swift; path = ZLCommitTableViewCell.swift; sourceTree = "<group>"; };
		746ADF5C2B94D5900032E2A8 /* ZLGiteeCommitModel.swift */ = {isa = PBXFileReference; lastKnownFileType = sourcecode.swift; path = ZLGiteeCommitModel.swift; sourceTree = "<group>"; };
		746ADF5E2B94D7DC0032E2A8 /* ZLCommitTableViewCellData.swift */ = {isa = PBXFileReference; lastKnownFileType = sourcecode.swift; path = ZLCommitTableViewCellData.swift; sourceTree = "<group>"; };
		746ADF612B95F2FE0032E2A8 /* ZLGiteeOAuthController.swift */ = {isa = PBXFileReference; fileEncoding = 4; lastKnownFileType = sourcecode.swift; path = ZLGiteeOAuthController.swift; sourceTree = "<group>"; };
		746ADF622B95F2FE0032E2A8 /* ZLGiteeScope.swift */ = {isa = PBXFileReference; fileEncoding = 4; lastKnownFileType = sourcecode.swift; path = ZLGiteeScope.swift; sourceTree = "<group>"; };
		746ADF632B95F2FE0032E2A8 /* ZLGiteeOAuthManager.swift */ = {isa = PBXFileReference; fileEncoding = 4; lastKnownFileType = sourcecode.swift; path = ZLGiteeOAuthManager.swift; sourceTree = "<group>"; };
		746ADF682B98CBEF0032E2A8 /* Launch Screen.storyboard */ = {isa = PBXFileReference; lastKnownFileType = file.storyboard; path = "Launch Screen.storyboard"; sourceTree = "<group>"; };
		748CE9F52BF664C300EEE893 /* ZLCreateEventTableViewCellData.swift */ = {isa = PBXFileReference; lastKnownFileType = sourcecode.swift; path = ZLCreateEventTableViewCellData.swift; sourceTree = "<group>"; };
		74AAB0322BB03392005609A4 /* ZLWorkBoardItemController.swift */ = {isa = PBXFileReference; lastKnownFileType = sourcecode.swift; path = ZLWorkBoardItemController.swift; sourceTree = "<group>"; };
		74AAB0392BB063D9005609A4 /* ZLWorkBoardItemCell.swift */ = {isa = PBXFileReference; lastKnownFileType = sourcecode.swift; path = ZLWorkBoardItemCell.swift; sourceTree = "<group>"; };
		74AAB03B2BB07772005609A4 /* ZLMyRepoListController.swift */ = {isa = PBXFileReference; lastKnownFileType = sourcecode.swift; path = ZLMyRepoListController.swift; sourceTree = "<group>"; };
		74AAB03D2BB1BEC9005609A4 /* ZLWorkBoardBaseInfoView.swift */ = {isa = PBXFileReference; lastKnownFileType = sourcecode.swift; path = ZLWorkBoardBaseInfoView.swift; sourceTree = "<group>"; };
		74AAB03F2BB1BF08005609A4 /* ZLWorkBoardBaseItemView.swift */ = {isa = PBXFileReference; lastKnownFileType = sourcecode.swift; path = ZLWorkBoardBaseItemView.swift; sourceTree = "<group>"; };
		74AAB0432BB1C445005609A4 /* ZLGiteeContributionsView.swift */ = {isa = PBXFileReference; lastKnownFileType = sourcecode.swift; path = ZLGiteeContributionsView.swift; sourceTree = "<group>"; };
		74AAB0462BB32EA7005609A4 /* ZLMyRepoModel.swift */ = {isa = PBXFileReference; lastKnownFileType = sourcecode.swift; path = ZLMyRepoModel.swift; sourceTree = "<group>"; };
		74AAB0482BB47B26005609A4 /* ZLOrgTableViewCell.swift */ = {isa = PBXFileReference; lastKnownFileType = sourcecode.swift; path = ZLOrgTableViewCell.swift; sourceTree = "<group>"; };
		74AAB04A2BB47BDB005609A4 /* ZLGiteeOrgModel.swift */ = {isa = PBXFileReference; lastKnownFileType = sourcecode.swift; path = ZLGiteeOrgModel.swift; sourceTree = "<group>"; };
		74AAB04C2BB47C4D005609A4 /* ZLOrgTableViewCellData.swift */ = {isa = PBXFileReference; lastKnownFileType = sourcecode.swift; path = ZLOrgTableViewCellData.swift; sourceTree = "<group>"; };
		74AAB04E2BB47DA6005609A4 /* ZLMyOrgListController.swift */ = {isa = PBXFileReference; lastKnownFileType = sourcecode.swift; path = ZLMyOrgListController.swift; sourceTree = "<group>"; };
		74AAB0512BB48081005609A4 /* UIImage+PlaceHolder.swift */ = {isa = PBXFileReference; lastKnownFileType = sourcecode.swift; path = "UIImage+PlaceHolder.swift"; sourceTree = "<group>"; };
		74AAE5B9284203EA0030DA01 /* ZLUserInfoController.swift */ = {isa = PBXFileReference; lastKnownFileType = sourcecode.swift; path = ZLUserInfoController.swift; sourceTree = "<group>"; };
		74AAE5BB284204670030DA01 /* ZLUserInfoHeaderCell.swift */ = {isa = PBXFileReference; fileEncoding = 4; lastKnownFileType = sourcecode.swift; path = ZLUserInfoHeaderCell.swift; sourceTree = "<group>"; };
		74AAE5BD284206DB0030DA01 /* ZLCommonTableViewCell.swift */ = {isa = PBXFileReference; fileEncoding = 4; lastKnownFileType = sourcecode.swift; path = ZLCommonTableViewCell.swift; sourceTree = "<group>"; };
		74AAE5BF284207400030DA01 /* ZLCommonTableViewCellData.swift */ = {isa = PBXFileReference; fileEncoding = 4; lastKnownFileType = sourcecode.swift; path = ZLCommonTableViewCellData.swift; sourceTree = "<group>"; };
		74AAE5C1284207EC0030DA01 /* ZLUserInfoHeaderCellData.swift */ = {isa = PBXFileReference; lastKnownFileType = sourcecode.swift; path = ZLUserInfoHeaderCellData.swift; sourceTree = "<group>"; };
		74AAE5CE2843B5E50030DA01 /* iconfont.ttf */ = {isa = PBXFileReference; lastKnownFileType = file; path = iconfont.ttf; sourceTree = "<group>"; };
		74AAE5D02843B95C0030DA01 /* ZLCommonSectionHeaderFooterView.swift */ = {isa = PBXFileReference; lastKnownFileType = sourcecode.swift; path = ZLCommonSectionHeaderFooterView.swift; sourceTree = "<group>"; };
		74B124652BA2061900E41838 /* ZLWorkBoardHeaderView.swift */ = {isa = PBXFileReference; lastKnownFileType = sourcecode.swift; path = ZLWorkBoardHeaderView.swift; sourceTree = "<group>"; };
		74B124672BA20B0B00E41838 /* ZLWorkBoardEventController.swift */ = {isa = PBXFileReference; lastKnownFileType = sourcecode.swift; path = ZLWorkBoardEventController.swift; sourceTree = "<group>"; };
		74B2DC292BC6FF1600FADC21 /* ZLGiteeFileContentModel.swift */ = {isa = PBXFileReference; lastKnownFileType = sourcecode.swift; path = ZLGiteeFileContentModel.swift; sourceTree = "<group>"; };
		74B2DC2B2BC7026A00FADC21 /* ZLReadMeView.swift */ = {isa = PBXFileReference; fileEncoding = 4; lastKnownFileType = sourcecode.swift; path = ZLReadMeView.swift; sourceTree = "<group>"; };
		74B2DC2F2BC702DA00FADC21 /* github_style_markdown.css */ = {isa = PBXFileReference; fileEncoding = 4; lastKnownFileType = text.css; path = github_style_markdown.css; sourceTree = "<group>"; };
		74B2DC302BC702DA00FADC21 /* github_style_dark_markdown.css */ = {isa = PBXFileReference; fileEncoding = 4; lastKnownFileType = text.css; path = github_style_dark_markdown.css; sourceTree = "<group>"; };
		74B2DC312BC702DA00FADC21 /* github_style.html */ = {isa = PBXFileReference; fileEncoding = 4; lastKnownFileType = text.html; path = github_style.html; sourceTree = "<group>"; };
		74B2DC362BC7035400FADC21 /* ZLMainThreadDispatch.swift */ = {isa = PBXFileReference; lastKnownFileType = sourcecode.swift; path = ZLMainThreadDispatch.swift; sourceTree = "<group>"; };
		74B2DC382BDD3F5000FADC21 /* ZLRepoBranchesView.swift */ = {isa = PBXFileReference; fileEncoding = 4; lastKnownFileType = sourcecode.swift; path = ZLRepoBranchesView.swift; sourceTree = "<group>"; };
		74B2DC3A2BDD429900FADC21 /* ZLGiteeBranchModel.swift */ = {isa = PBXFileReference; lastKnownFileType = sourcecode.swift; path = ZLGiteeBranchModel.swift; sourceTree = "<group>"; };
		74CC74C62BA09983002C93DE /* ZLGiteeLoginController.swift */ = {isa = PBXFileReference; lastKnownFileType = sourcecode.swift; path = ZLGiteeLoginController.swift; sourceTree = "<group>"; };
		74CC74C82BA0A540002C93DE /* ZLGiteeOAuthUserServiceModel.swift */ = {isa = PBXFileReference; lastKnownFileType = sourcecode.swift; path = ZLGiteeOAuthUserServiceModel.swift; sourceTree = "<group>"; };
		74FAFF472BF3AEE1002E74E1 /* ZLRepoContentController.swift */ = {isa = PBXFileReference; lastKnownFileType = sourcecode.swift; path = ZLRepoContentController.swift; sourceTree = "<group>"; };
		74FAFF4A2BF3B481002E74E1 /* ZLRepoContentTableViewCell.swift */ = {isa = PBXFileReference; lastKnownFileType = sourcecode.swift; path = ZLRepoContentTableViewCell.swift; sourceTree = "<group>"; };
		74FAFF4E2BF50128002E74E1 /* ZLReceivedEventController.swift */ = {isa = PBXFileReference; lastKnownFileType = sourcecode.swift; path = ZLReceivedEventController.swift; sourceTree = "<group>"; };
		74FAFF502BF505DE002E74E1 /* ZLGiteeEventModel.swift */ = {isa = PBXFileReference; lastKnownFileType = sourcecode.swift; path = ZLGiteeEventModel.swift; sourceTree = "<group>"; };
		74FAFF532BF50E4E002E74E1 /* ZLEventTableViewCell.swift */ = {isa = PBXFileReference; fileEncoding = 4; lastKnownFileType = sourcecode.swift; path = ZLEventTableViewCell.swift; sourceTree = "<group>"; };
		74FAFF562BF51274002E74E1 /* ZLEventTableViewCellData.swift */ = {isa = PBXFileReference; lastKnownFileType = sourcecode.swift; path = ZLEventTableViewCellData.swift; sourceTree = "<group>"; };
		7A7D211429EFF5EF4F067B6B /* Pods-ZLGiteeClient.release.xcconfig */ = {isa = PBXFileReference; includeInIndex = 1; lastKnownFileType = text.xcconfig; name = "Pods-ZLGiteeClient.release.xcconfig"; path = "Target Support Files/Pods-ZLGiteeClient/Pods-ZLGiteeClient.release.xcconfig"; sourceTree = "<group>"; };
		DE44F59C64C3DA914E96BF0B /* PrivacyInfo.xcprivacy */ = {isa = PBXFileReference; includeInIndex = 1; lastKnownFileType = text.xml; path = PrivacyInfo.xcprivacy; sourceTree = "<group>"; };
/* End PBXFileReference section */

/* Begin PBXFrameworksBuildPhase section */
		740C2F5D2837C49400DAFF0E /* Frameworks */ = {
			isa = PBXFrameworksBuildPhase;
			buildActionMask = 2147483647;
			files = (
				0251B3525D755171B717C966 /* libPods-ZLGiteeClient.a in Frameworks */,
			);
			runOnlyForDeploymentPostprocessing = 0;
		};
/* End PBXFrameworksBuildPhase section */

/* Begin PBXGroup section */
		31460EA428488B0800E64254 /* ZLSupportFiles */ = {
			isa = PBXGroup;
			children = (
				31460EA528488C1700E64254 /* ZLGiteeAppKey.swift */,
				746719DF2B8C7B9F003E1D4B /* Swift-Prefix.swift */,
			);
			path = ZLSupportFiles;
			sourceTree = "<group>";
		};
		3151526E2842194E0048DEC6 /* Extension */ = {
			isa = PBXGroup;
			children = (
				3151526F2842196D0048DEC6 /* UIView+ShareMenu.swift */,
				74AAB0512BB48081005609A4 /* UIImage+PlaceHolder.swift */,
			);
			path = Extension;
			sourceTree = "<group>";
		};
		315152732842399E0048DEC6 /* ZLWebContentController */ = {
			isa = PBXGroup;
			children = (
				315152742842399E0048DEC6 /* viewModel */,
				315152762842399E0048DEC6 /* controller */,
				315152782842399E0048DEC6 /* view */,
			);
			path = ZLWebContentController;
			sourceTree = "<group>";
		};
		315152742842399E0048DEC6 /* viewModel */ = {
			isa = PBXGroup;
			children = (
				315152752842399E0048DEC6 /* ZLWebContentViewModel.swift */,
			);
			path = viewModel;
			sourceTree = "<group>";
		};
		315152762842399E0048DEC6 /* controller */ = {
			isa = PBXGroup;
			children = (
				315152772842399E0048DEC6 /* ZLWebContentController.swift */,
			);
			path = controller;
			sourceTree = "<group>";
		};
		315152782842399E0048DEC6 /* view */ = {
			isa = PBXGroup;
			children = (
				315152792842399E0048DEC6 /* ZLWebContentView.swift */,
			);
			path = view;
			sourceTree = "<group>";
		};
		3151527D28423C570048DEC6 /* ZLURLManager */ = {
			isa = PBXGroup;
			children = (
				3151527E28423C850048DEC6 /* ZLCommonURLManager.swift */,
			);
			path = ZLURLManager;
			sourceTree = "<group>";
		};
		330D32D8C6A7E8CE6DE3B2F2 /* Pods */ = {
			isa = PBXGroup;
			children = (
				52B1746A4644250B6B6B1241 /* Pods-ZLGiteeClient.debug.xcconfig */,
				7A7D211429EFF5EF4F067B6B /* Pods-ZLGiteeClient.release.xcconfig */,
			);
			path = Pods;
			sourceTree = "<group>";
		};
		740C2F572837C49400DAFF0E = {
			isa = PBXGroup;
			children = (
				740C2F622837C49400DAFF0E /* ZLGiteeClient */,
				740C2F612837C49400DAFF0E /* Products */,
				330D32D8C6A7E8CE6DE3B2F2 /* Pods */,
				EA749D56DFD48638617DEFB5 /* Frameworks */,
				7E8634E02508E950208805C3 /* Resources */,
			);
			sourceTree = "<group>";
		};
		740C2F612837C49400DAFF0E /* Products */ = {
			isa = PBXGroup;
			children = (
				740C2F602837C49400DAFF0E /* ZLGiteeClient.app */,
			);
			name = Products;
			sourceTree = "<group>";
		};
		740C2F622837C49400DAFF0E /* ZLGiteeClient */ = {
			isa = PBXGroup;
			children = (
				74B2DC352BC7034600FADC21 /* Tools */,
				74AAB0422BB1C353005609A4 /* Resource */,
				74AAB0412BB1C344005609A4 /* View */,
				74AAB0302BA33D30005609A4 /* ServiceModel */,
				31460EA428488B0800E64254 /* ZLSupportFiles */,
				3151527D28423C570048DEC6 /* ZLURLManager */,
				315152732842399E0048DEC6 /* ZLWebContentController */,
				3151526E2842194E0048DEC6 /* Extension */,
				740C2F9A2837E2D600DAFF0E /* CellData */,
				740C2F942837E25B00DAFF0E /* Cell */,
				740C2F852837D54C00DAFF0E /* Model */,
				740C2F822837D09900DAFF0E /* Network */,
				740C2F792837CC6D00DAFF0E /* ViewController */,
				740C2F632837C49400DAFF0E /* AppDelegate.swift */,
				740C2F772837C80A00DAFF0E /* ZLMainViewController.swift */,
				740C2F712837C49600DAFF0E /* Info.plist */,
				746ADF682B98CBEF0032E2A8 /* Launch Screen.storyboard */,
			);
			path = ZLGiteeClient;
			sourceTree = "<group>";
		};
		740C2F792837CC6D00DAFF0E /* ViewController */ = {
			isa = PBXGroup;
			children = (
				74FAFF4C2BF500F6002E74E1 /* Event */,
				74FAFF452BF3AEC4002E74E1 /* RepoContent */,
				74CC74CA2BA1FA83002C93DE /* WorkBoard */,
				746ADF602B95F2C40032E2A8 /* OAuth */,
				746719EC2B8CA3EF003E1D4B /* UserInfo */,
				746719EB2B8CA385003E1D4B /* Explore */,
				746719D22B8C41F5003E1D4B /* RepoInfo */,
				740C2F7C2837CCA500DAFF0E /* ZLNotificationsController.swift */,
				740C2F802837CCC400DAFF0E /* ZLProfileController.swift */,
			);
			path = ViewController;
			sourceTree = "<group>";
		};
		740C2F822837D09900DAFF0E /* Network */ = {
			isa = PBXGroup;
			children = (
				740C2F832837D0AF00DAFF0E /* ZLGiteeRequest.swift */,
				746719D42B8C472E003E1D4B /* RestTargetType.swift */,
			);
			path = Network;
			sourceTree = "<group>";
		};
		740C2F852837D54C00DAFF0E /* Model */ = {
			isa = PBXGroup;
			children = (
				31719218284CAE1B00B1EED4 /* ZLPresenterMessageModel.swift */,
				740C2F862837D6B500DAFF0E /* ZLGiteeUserModel.swift */,
				740C2F882837DCB600DAFF0E /* ZLGiteeRepoModel.swift */,
				746719E12B8C7C52003E1D4B /* ZLGiteeIssueModel.swift */,
				746ADF5C2B94D5900032E2A8 /* ZLGiteeCommitModel.swift */,
				74AAB04A2BB47BDB005609A4 /* ZLGiteeOrgModel.swift */,
				74B2DC292BC6FF1600FADC21 /* ZLGiteeFileContentModel.swift */,
				74B2DC3A2BDD429900FADC21 /* ZLGiteeBranchModel.swift */,
				74FAFF502BF505DE002E74E1 /* ZLGiteeEventModel.swift */,
			);
			path = Model;
			sourceTree = "<group>";
		};
		740C2F942837E25B00DAFF0E /* Cell */ = {
			isa = PBXGroup;
			children = (
				746ADF5A2B94D4BD0032E2A8 /* ZLCommitTableViewCell.swift */,
				746719DD2B8C7B52003E1D4B /* ZLIssueTableViewCell.swift */,
				74AAE5BD284206DB0030DA01 /* ZLCommonTableViewCell.swift */,
				31D69B432838DDC0009DAEEE /* ZLUserTableViewCell.swift */,
				740C2F982837E28700DAFF0E /* ZLRepositoryTableViewCell.swift */,
				74AAE5D02843B95C0030DA01 /* ZLCommonSectionHeaderFooterView.swift */,
				74AAB0482BB47B26005609A4 /* ZLOrgTableViewCell.swift */,
			);
			path = Cell;
			sourceTree = "<group>";
		};
		740C2F9A2837E2D600DAFF0E /* CellData */ = {
			isa = PBXGroup;
			children = (
				746719E32B8C8CF6003E1D4B /* ZLIssueTableViewCellData.swift */,
				31719216284CAD2400B1EED4 /* ZLCommonTableViewCellDataV2.swift */,
				74AAE5BF284207400030DA01 /* ZLCommonTableViewCellData.swift */,
				31D69B452838DE73009DAEEE /* ZLUserTableViewCellData.swift */,
				740C2F9B2837E2F800DAFF0E /* ZLRepositoryTableViewCellData.swift */,
				746719EF2B8CC3F7003E1D4B /* ZLRepositoryTableViewCellDataForV3API.swift */,
				746ADF5E2B94D7DC0032E2A8 /* ZLCommitTableViewCellData.swift */,
				74AAB04C2BB47C4D005609A4 /* ZLOrgTableViewCellData.swift */,
			);
			path = CellData;
			sourceTree = "<group>";
		};
		746719D22B8C41F5003E1D4B /* RepoInfo */ = {
			isa = PBXGroup;
			children = (
				746719DA2B8C799E003E1D4B /* View */,
				746719D82B8C798A003E1D4B /* ViewModel */,
				746719D72B8C7977003E1D4B /* StateModel */,
				746719D62B8C796B003E1D4B /* VC */,
			);
			path = RepoInfo;
			sourceTree = "<group>";
		};
		746719D62B8C796B003E1D4B /* VC */ = {
			isa = PBXGroup;
			children = (
				31719212284CAC7100B1EED4 /* ZLRepoInfoController.swift */,
				746719DB2B8C79C7003E1D4B /* ZLRepoIssueListController.swift */,
				746719E52B8C9911003E1D4B /* ZLRepoStarsListController.swift */,
				746719E72B8C99A2003E1D4B /* ZLRepoWatchingListController.swift */,
				746719E92B8C99F8003E1D4B /* ZLRepoForksListController.swift */,
				746ADF582B94D41B0032E2A8 /* ZLRepoCommitsListController.swift */,
			);
			path = VC;
			sourceTree = "<group>";
		};
		746719D72B8C7977003E1D4B /* StateModel */ = {
			isa = PBXGroup;
			children = (
				3171920C284CAC5300B1EED4 /* ZLRepoInfoStateModel.swift */,
			);
			path = StateModel;
			sourceTree = "<group>";
		};
		746719D82B8C798A003E1D4B /* ViewModel */ = {
			isa = PBXGroup;
			children = (
				3171920E284CAC5C00B1EED4 /* ZLRepoHeaderCellData.swift */,
			);
			path = ViewModel;
			sourceTree = "<group>";
		};
		746719DA2B8C799E003E1D4B /* View */ = {
			isa = PBXGroup;
			children = (
				74B2DC382BDD3F5000FADC21 /* ZLRepoBranchesView.swift */,
				31719210284CAC6500B1EED4 /* ZLRepoInfoHeaderCell.swift */,
			);
			path = View;
			sourceTree = "<group>";
		};
		746719EB2B8CA385003E1D4B /* Explore */ = {
			isa = PBXGroup;
			children = (
				740C2F7E2837CCB600DAFF0E /* ZLExploreController.swift */,
				746719ED2B8CA8FF003E1D4B /* ZLExploreChildListController.swift */,
				746719F12B8CC794003E1D4B /* ZLSearchController.swift */,
				746719F32B8CC889003E1D4B /* ZLSearchChildListController.swift */,
			);
			path = Explore;
			sourceTree = "<group>";
		};
		746719EC2B8CA3EF003E1D4B /* UserInfo */ = {
			isa = PBXGroup;
			children = (
				74AAB0372BB0351B005609A4 /* CellData */,
				74AAB0362BB0350E005609A4 /* Cell */,
				74AAB0342BB034EE005609A4 /* ViewController */,
			);
			path = UserInfo;
			sourceTree = "<group>";
		};
		746ADF602B95F2C40032E2A8 /* OAuth */ = {
			isa = PBXGroup;
			children = (
				746ADF612B95F2FE0032E2A8 /* ZLGiteeOAuthController.swift */,
				746ADF632B95F2FE0032E2A8 /* ZLGiteeOAuthManager.swift */,
				746ADF622B95F2FE0032E2A8 /* ZLGiteeScope.swift */,
				74CC74C62BA09983002C93DE /* ZLGiteeLoginController.swift */,
			);
			path = OAuth;
			sourceTree = "<group>";
		};
		74AAB0302BA33D30005609A4 /* ServiceModel */ = {
			isa = PBXGroup;
			children = (
				74CC74C82BA0A540002C93DE /* ZLGiteeOAuthUserServiceModel.swift */,
			);
			path = ServiceModel;
			sourceTree = "<group>";
		};
		74AAB0312BB03327005609A4 /* VC */ = {
			isa = PBXGroup;
			children = (
				740C2F7A2837CC8C00DAFF0E /* ZLWorkBoardController.swift */,
				74B124672BA20B0B00E41838 /* ZLWorkBoardEventController.swift */,
				74AAB0322BB03392005609A4 /* ZLWorkBoardItemController.swift */,
				74AAB03B2BB07772005609A4 /* ZLMyRepoListController.swift */,
				74AAB04E2BB47DA6005609A4 /* ZLMyOrgListController.swift */,
			);
			path = VC;
			sourceTree = "<group>";
		};
		74AAB0342BB034EE005609A4 /* ViewController */ = {
			isa = PBXGroup;
			children = (
				740C2F8A2837E13300DAFF0E /* ZLUserReposListController.swift */,
				31D69B3D2838D818009DAEEE /* ZLUserFollowerListController.swift */,
				316BA9E9283E429000E83CC0 /* ZLUserFollowingListController.swift */,
				74AAE5B9284203EA0030DA01 /* ZLUserInfoController.swift */,
				31460EA7284892DD00E64254 /* ZLUserStarsListController.swift */,
			);
			path = ViewController;
			sourceTree = "<group>";
		};
		74AAB0362BB0350E005609A4 /* Cell */ = {
			isa = PBXGroup;
			children = (
				74AAE5BB284204670030DA01 /* ZLUserInfoHeaderCell.swift */,
			);
			path = Cell;
			sourceTree = "<group>";
		};
		74AAB0372BB0351B005609A4 /* CellData */ = {
			isa = PBXGroup;
			children = (
				74AAE5C1284207EC0030DA01 /* ZLUserInfoHeaderCellData.swift */,
			);
			path = CellData;
			sourceTree = "<group>";
		};
		74AAB0382BB063C8005609A4 /* Cell */ = {
			isa = PBXGroup;
			children = (
				74AAB0392BB063D9005609A4 /* ZLWorkBoardItemCell.swift */,
			);
			path = Cell;
			sourceTree = "<group>";
		};
		74AAB0412BB1C344005609A4 /* View */ = {
			isa = PBXGroup;
			children = (
				74B2DC2E2BC7026E00FADC21 /* ZLGiteeContributionsView */,
				74B2DC2C2BC7026A00FADC21 /* ZLReadMeView */,
			);
			path = View;
			sourceTree = "<group>";
		};
		74AAB0422BB1C353005609A4 /* Resource */ = {
			isa = PBXGroup;
			children = (
				740C2F6C2837C49600DAFF0E /* Assets.xcassets */,
				74AAE5CE2843B5E50030DA01 /* iconfont.ttf */,
			);
			path = Resource;
			sourceTree = "<group>";
		};
		74AAB0452BB32E9A005609A4 /* Model */ = {
			isa = PBXGroup;
			children = (
				74AAB0462BB32EA7005609A4 /* ZLMyRepoModel.swift */,
			);
			path = Model;
			sourceTree = "<group>";
		};
		74B124642BA2060B00E41838 /* VIew */ = {
			isa = PBXGroup;
			children = (
				74B124652BA2061900E41838 /* ZLWorkBoardHeaderView.swift */,
				74AAB03D2BB1BEC9005609A4 /* ZLWorkBoardBaseInfoView.swift */,
				74AAB03F2BB1BF08005609A4 /* ZLWorkBoardBaseItemView.swift */,
			);
			path = VIew;
			sourceTree = "<group>";
		};
		74B2DC2C2BC7026A00FADC21 /* ZLReadMeView */ = {
			isa = PBXGroup;
			children = (
				74B2DC302BC702DA00FADC21 /* github_style_dark_markdown.css */,
				74B2DC2F2BC702DA00FADC21 /* github_style_markdown.css */,
				74B2DC312BC702DA00FADC21 /* github_style.html */,
				74B2DC2B2BC7026A00FADC21 /* ZLReadMeView.swift */,
			);
			path = ZLReadMeView;
			sourceTree = "<group>";
		};
		74B2DC2E2BC7026E00FADC21 /* ZLGiteeContributionsView */ = {
			isa = PBXGroup;
			children = (
				74AAB0432BB1C445005609A4 /* ZLGiteeContributionsView.swift */,
			);
			path = ZLGiteeContributionsView;
			sourceTree = "<group>";
		};
		74B2DC352BC7034600FADC21 /* Tools */ = {
			isa = PBXGroup;
			children = (
				74B2DC362BC7035400FADC21 /* ZLMainThreadDispatch.swift */,
			);
			path = Tools;
			sourceTree = "<group>";
		};
		74CC74CA2BA1FA83002C93DE /* WorkBoard */ = {
			isa = PBXGroup;
			children = (
				74AAB0452BB32E9A005609A4 /* Model */,
				74AAB0382BB063C8005609A4 /* Cell */,
				74AAB0312BB03327005609A4 /* VC */,
				74B124642BA2060B00E41838 /* VIew */,
			);
			path = WorkBoard;
			sourceTree = "<group>";
		};
		74FAFF452BF3AEC4002E74E1 /* RepoContent */ = {
			isa = PBXGroup;
			children = (
				74FAFF492BF3B475002E74E1 /* View */,
				74FAFF462BF3AECE002E74E1 /* VC */,
			);
			path = RepoContent;
			sourceTree = "<group>";
		};
		74FAFF462BF3AECE002E74E1 /* VC */ = {
			isa = PBXGroup;
			children = (
				74FAFF472BF3AEE1002E74E1 /* ZLRepoContentController.swift */,
			);
			path = VC;
			sourceTree = "<group>";
		};
		74FAFF492BF3B475002E74E1 /* View */ = {
			isa = PBXGroup;
			children = (
				74FAFF4A2BF3B481002E74E1 /* ZLRepoContentTableViewCell.swift */,
			);
			path = View;
			sourceTree = "<group>";
		};
		74FAFF4C2BF500F6002E74E1 /* Event */ = {
			isa = PBXGroup;
			children = (
				74FAFF552BF5125A002E74E1 /* ViewModel */,
				74FAFF522BF50E3C002E74E1 /* View */,
				74FAFF4D2BF50108002E74E1 /* VC */,
			);
			path = Event;
			sourceTree = "<group>";
		};
		74FAFF4D2BF50108002E74E1 /* VC */ = {
			isa = PBXGroup;
			children = (
				74FAFF4E2BF50128002E74E1 /* ZLReceivedEventController.swift */,
			);
			path = VC;
			sourceTree = "<group>";
		};
		74FAFF522BF50E3C002E74E1 /* View */ = {
			isa = PBXGroup;
			children = (
				74FAFF532BF50E4E002E74E1 /* ZLEventTableViewCell.swift */,
			);
			path = View;
			sourceTree = "<group>";
		};
		74FAFF552BF5125A002E74E1 /* ViewModel */ = {
			isa = PBXGroup;
			children = (
				74FAFF562BF51274002E74E1 /* ZLEventTableViewCellData.swift */,
				748CE9F52BF664C300EEE893 /* ZLCreateEventTableViewCellData.swift */,
			);
			path = ViewModel;
			sourceTree = "<group>";
		};
		7E8634E02508E950208805C3 /* Resources */ = {
			isa = PBXGroup;
			children = (
				DE44F59C64C3DA914E96BF0B /* PrivacyInfo.xcprivacy */,
			);
			name = Resources;
			path = ZLGiteeClient/Resources;
			sourceTree = "<group>";
		};
		EA749D56DFD48638617DEFB5 /* Frameworks */ = {
			isa = PBXGroup;
			children = (
				729C778147D1FA3E2D617FAB /* libPods-ZLGiteeClient.a */,
			);
			name = Frameworks;
			sourceTree = "<group>";
		};
/* End PBXGroup section */

/* Begin PBXNativeTarget section */
		740C2F5F2837C49400DAFF0E /* ZLGiteeClient */ = {
			isa = PBXNativeTarget;
			buildConfigurationList = 740C2F742837C49600DAFF0E /* Build configuration list for PBXNativeTarget "ZLGiteeClient" */;
			buildPhases = (
				FF028417CE71C252A2F694B9 /* [CP] Check Pods Manifest.lock */,
				740C2F5C2837C49400DAFF0E /* Sources */,
				740C2F5D2837C49400DAFF0E /* Frameworks */,
				740C2F5E2837C49400DAFF0E /* Resources */,
				FDFD4D4FB5AE7B4C699B180B /* [CP] Copy Pods Resources */,
			);
			buildRules = (
			);
			dependencies = (
			);
			name = ZLGiteeClient;
			productName = ZLGiteeClient;
			productReference = 740C2F602837C49400DAFF0E /* ZLGiteeClient.app */;
			productType = "com.apple.product-type.application";
		};
/* End PBXNativeTarget section */

/* Begin PBXProject section */
		740C2F582837C49400DAFF0E /* Project object */ = {
			isa = PBXProject;
			attributes = {
				BuildIndependentTargetsInParallel = 1;
				LastSwiftUpdateCheck = 1310;
				LastUpgradeCheck = 1310;
				TargetAttributes = {
					740C2F5F2837C49400DAFF0E = {
						CreatedOnToolsVersion = 13.1;
					};
				};
			};
			buildConfigurationList = 740C2F5B2837C49400DAFF0E /* Build configuration list for PBXProject "ZLGiteeClient" */;
			compatibilityVersion = "Xcode 13.0";
			developmentRegion = en;
			hasScannedForEncodings = 0;
			knownRegions = (
				en,
				Base,
			);
			mainGroup = 740C2F572837C49400DAFF0E;
			productRefGroup = 740C2F612837C49400DAFF0E /* Products */;
			projectDirPath = "";
			projectRoot = "";
			targets = (
				740C2F5F2837C49400DAFF0E /* ZLGiteeClient */,
			);
		};
/* End PBXProject section */

/* Begin PBXResourcesBuildPhase section */
		740C2F5E2837C49400DAFF0E /* Resources */ = {
			isa = PBXResourcesBuildPhase;
			buildActionMask = 2147483647;
			files = (
				74B2DC322BC702DA00FADC21 /* github_style_markdown.css in Resources */,
				746ADF692B98CBEF0032E2A8 /* Launch Screen.storyboard in Resources */,
				74AAE5CF2843B5E50030DA01 /* iconfont.ttf in Resources */,
				74B2DC342BC702DA00FADC21 /* github_style.html in Resources */,
				740C2F6D2837C49600DAFF0E /* Assets.xcassets in Resources */,
				184F8744E13D84D1A27F8BBE /* PrivacyInfo.xcprivacy in Resources */,
				74B2DC332BC702DA00FADC21 /* github_style_dark_markdown.css in Resources */,
			);
			runOnlyForDeploymentPostprocessing = 0;
		};
/* End PBXResourcesBuildPhase section */

/* Begin PBXShellScriptBuildPhase section */
		FDFD4D4FB5AE7B4C699B180B /* [CP] Copy Pods Resources */ = {
			isa = PBXShellScriptBuildPhase;
			buildActionMask = 2147483647;
			files = (
			);
			inputFileListPaths = (
				"${PODS_ROOT}/Target Support Files/Pods-ZLGiteeClient/Pods-ZLGiteeClient-resources-${CONFIGURATION}-input-files.xcfilelist",
			);
			name = "[CP] Copy Pods Resources";
			outputFileListPaths = (
				"${PODS_ROOT}/Target Support Files/Pods-ZLGiteeClient/Pods-ZLGiteeClient-resources-${CONFIGURATION}-output-files.xcfilelist",
			);
			runOnlyForDeploymentPostprocessing = 0;
			shellPath = /bin/sh;
			shellScript = "\"${PODS_ROOT}/Target Support Files/Pods-ZLGiteeClient/Pods-ZLGiteeClient-resources.sh\"\n";
			showEnvVarsInLog = 0;
		};
		FF028417CE71C252A2F694B9 /* [CP] Check Pods Manifest.lock */ = {
			isa = PBXShellScriptBuildPhase;
			buildActionMask = 2147483647;
			files = (
			);
			inputFileListPaths = (
			);
			inputPaths = (
				"${PODS_PODFILE_DIR_PATH}/Podfile.lock",
				"${PODS_ROOT}/Manifest.lock",
			);
			name = "[CP] Check Pods Manifest.lock";
			outputFileListPaths = (
			);
			outputPaths = (
				"$(DERIVED_FILE_DIR)/Pods-ZLGiteeClient-checkManifestLockResult.txt",
			);
			runOnlyForDeploymentPostprocessing = 0;
			shellPath = /bin/sh;
			shellScript = "diff \"${PODS_PODFILE_DIR_PATH}/Podfile.lock\" \"${PODS_ROOT}/Manifest.lock\" > /dev/null\nif [ $? != 0 ] ; then\n    # print error to STDERR\n    echo \"error: The sandbox is not in sync with the Podfile.lock. Run 'pod install' or update your CocoaPods installation.\" >&2\n    exit 1\nfi\n# This output is used by Xcode 'outputs' to avoid re-running this script phase.\necho \"SUCCESS\" > \"${SCRIPT_OUTPUT_FILE_0}\"\n";
			showEnvVarsInLog = 0;
		};
/* End PBXShellScriptBuildPhase section */

/* Begin PBXSourcesBuildPhase section */
		740C2F5C2837C49400DAFF0E /* Sources */ = {
			isa = PBXSourcesBuildPhase;
			buildActionMask = 2147483647;
			files = (
				74B124662BA2061900E41838 /* ZLWorkBoardHeaderView.swift in Sources */,
				74AAB03C2BB07772005609A4 /* ZLMyRepoListController.swift in Sources */,
				74AAB0522BB48081005609A4 /* UIImage+PlaceHolder.swift in Sources */,
				74AAB03A2BB063D9005609A4 /* ZLWorkBoardItemCell.swift in Sources */,
				74B2DC2D2BC7026A00FADC21 /* ZLReadMeView.swift in Sources */,
				746ADF662B95F2FE0032E2A8 /* ZLGiteeOAuthManager.swift in Sources */,
				3151527A2842399E0048DEC6 /* ZLWebContentViewModel.swift in Sources */,
				746719F42B8CC889003E1D4B /* ZLSearchChildListController.swift in Sources */,
				748CE9F62BF664C300EEE893 /* ZLCreateEventTableViewCellData.swift in Sources */,
				746719D52B8C472E003E1D4B /* RestTargetType.swift in Sources */,
				3171920F284CAC5C00B1EED4 /* ZLRepoHeaderCellData.swift in Sources */,
				74AAE5D12843B95C0030DA01 /* ZLCommonSectionHeaderFooterView.swift in Sources */,
				31719213284CAC7100B1EED4 /* ZLRepoInfoController.swift in Sources */,
				746719E82B8C99A2003E1D4B /* ZLRepoWatchingListController.swift in Sources */,
				74AAB0332BB03392005609A4 /* ZLWorkBoardItemController.swift in Sources */,
				740C2F642837C49400DAFF0E /* AppDelegate.swift in Sources */,
				31460EA628488C1700E64254 /* ZLGiteeAppKey.swift in Sources */,
				74AAB0402BB1BF08005609A4 /* ZLWorkBoardBaseItemView.swift in Sources */,
				746ADF5F2B94D7DC0032E2A8 /* ZLCommitTableViewCellData.swift in Sources */,
				31D69B442838DDC0009DAEEE /* ZLUserTableViewCell.swift in Sources */,
				740C2F7B2837CC8D00DAFF0E /* ZLWorkBoardController.swift in Sources */,
				740C2F7D2837CCA500DAFF0E /* ZLNotificationsController.swift in Sources */,
				74FAFF482BF3AEE1002E74E1 /* ZLRepoContentController.swift in Sources */,
				74AAE5C0284207400030DA01 /* ZLCommonTableViewCellData.swift in Sources */,
				74AAB0442BB1C445005609A4 /* ZLGiteeContributionsView.swift in Sources */,
				316BA9EA283E429000E83CC0 /* ZLUserFollowingListController.swift in Sources */,
				74FAFF4B2BF3B481002E74E1 /* ZLRepoContentTableViewCell.swift in Sources */,
				746719EE2B8CA8FF003E1D4B /* ZLExploreChildListController.swift in Sources */,
				3151527C2842399E0048DEC6 /* ZLWebContentView.swift in Sources */,
				74AAE5BA284203EA0030DA01 /* ZLUserInfoController.swift in Sources */,
				3151527B2842399E0048DEC6 /* ZLWebContentController.swift in Sources */,
				31719211284CAC6500B1EED4 /* ZLRepoInfoHeaderCell.swift in Sources */,
				74CC74C92BA0A540002C93DE /* ZLGiteeOAuthUserServiceModel.swift in Sources */,
				746719F02B8CC3F7003E1D4B /* ZLRepositoryTableViewCellDataForV3API.swift in Sources */,
				74FAFF542BF50E4E002E74E1 /* ZLEventTableViewCell.swift in Sources */,
				74AAB0472BB32EA7005609A4 /* ZLMyRepoModel.swift in Sources */,
				74FAFF4F2BF50128002E74E1 /* ZLReceivedEventController.swift in Sources */,
				746ADF642B95F2FE0032E2A8 /* ZLGiteeOAuthController.swift in Sources */,
				74B2DC2A2BC6FF1600FADC21 /* ZLGiteeFileContentModel.swift in Sources */,
				746719E42B8C8CF6003E1D4B /* ZLIssueTableViewCellData.swift in Sources */,
				74AAE5C2284207EC0030DA01 /* ZLUserInfoHeaderCellData.swift in Sources */,
				740C2F782837C80A00DAFF0E /* ZLMainViewController.swift in Sources */,
				74AAE5BE284206DB0030DA01 /* ZLCommonTableViewCell.swift in Sources */,
				746719F22B8CC794003E1D4B /* ZLSearchController.swift in Sources */,
				74B2DC392BDD3F5000FADC21 /* ZLRepoBranchesView.swift in Sources */,
				746719E22B8C7C52003E1D4B /* ZLGiteeIssueModel.swift in Sources */,
				31D69B462838DE73009DAEEE /* ZLUserTableViewCellData.swift in Sources */,
				740C2F9C2837E2F800DAFF0E /* ZLRepositoryTableViewCellData.swift in Sources */,
				746719E02B8C7B9F003E1D4B /* Swift-Prefix.swift in Sources */,
				746ADF652B95F2FE0032E2A8 /* ZLGiteeScope.swift in Sources */,
				740C2F7F2837CCB600DAFF0E /* ZLExploreController.swift in Sources */,
				74AAE5BC284204670030DA01 /* ZLUserInfoHeaderCell.swift in Sources */,
				74B124682BA20B0B00E41838 /* ZLWorkBoardEventController.swift in Sources */,
				74AAB04F2BB47DA6005609A4 /* ZLMyOrgListController.swift in Sources */,
				740C2F872837D6B500DAFF0E /* ZLGiteeUserModel.swift in Sources */,
				74B2DC3B2BDD429900FADC21 /* ZLGiteeBranchModel.swift in Sources */,
				74B2DC372BC7035400FADC21 /* ZLMainThreadDispatch.swift in Sources */,
				31D69B3E2838D818009DAEEE /* ZLUserFollowerListController.swift in Sources */,
				74AAB0492BB47B26005609A4 /* ZLOrgTableViewCell.swift in Sources */,
				740C2F8B2837E13300DAFF0E /* ZLUserReposListController.swift in Sources */,
				3171920D284CAC5300B1EED4 /* ZLRepoInfoStateModel.swift in Sources */,
				74AAB04D2BB47C4D005609A4 /* ZLOrgTableViewCellData.swift in Sources */,
				74AAB04B2BB47BDB005609A4 /* ZLGiteeOrgModel.swift in Sources */,
				746719EA2B8C99F8003E1D4B /* ZLRepoForksListController.swift in Sources */,
				3151527F28423C850048DEC6 /* ZLCommonURLManager.swift in Sources */,
				74FAFF572BF51274002E74E1 /* ZLEventTableViewCellData.swift in Sources */,
				746719DC2B8C79C7003E1D4B /* ZLRepoIssueListController.swift in Sources */,
				74AAB03E2BB1BEC9005609A4 /* ZLWorkBoardBaseInfoView.swift in Sources */,
				740C2F892837DCB600DAFF0E /* ZLGiteeRepoModel.swift in Sources */,
				740C2F842837D0AF00DAFF0E /* ZLGiteeRequest.swift in Sources */,
				31719219284CAE1B00B1EED4 /* ZLPresenterMessageModel.swift in Sources */,
				746ADF592B94D41B0032E2A8 /* ZLRepoCommitsListController.swift in Sources */,
				740C2F812837CCC400DAFF0E /* ZLProfileController.swift in Sources */,
				315152702842196D0048DEC6 /* UIView+ShareMenu.swift in Sources */,
				74CC74C72BA09983002C93DE /* ZLGiteeLoginController.swift in Sources */,
				746ADF5D2B94D5900032E2A8 /* ZLGiteeCommitModel.swift in Sources */,
				74FAFF512BF505DE002E74E1 /* ZLGiteeEventModel.swift in Sources */,
				31460EA8284892DD00E64254 /* ZLUserStarsListController.swift in Sources */,
				31719217284CAD2400B1EED4 /* ZLCommonTableViewCellDataV2.swift in Sources */,
				746719DE2B8C7B52003E1D4B /* ZLIssueTableViewCell.swift in Sources */,
				746ADF5B2B94D4BD0032E2A8 /* ZLCommitTableViewCell.swift in Sources */,
				740C2F992837E28700DAFF0E /* ZLRepositoryTableViewCell.swift in Sources */,
				746719E62B8C9911003E1D4B /* ZLRepoStarsListController.swift in Sources */,
			);
			runOnlyForDeploymentPostprocessing = 0;
		};
/* End PBXSourcesBuildPhase section */

/* Begin XCBuildConfiguration section */
		740C2F722837C49600DAFF0E /* Debug */ = {
			isa = XCBuildConfiguration;
			buildSettings = {
				ALWAYS_SEARCH_USER_PATHS = NO;
				CLANG_ANALYZER_NONNULL = YES;
				CLANG_ANALYZER_NUMBER_OBJECT_CONVERSION = YES_AGGRESSIVE;
				CLANG_CXX_LANGUAGE_STANDARD = "gnu++17";
				CLANG_CXX_LIBRARY = "libc++";
				CLANG_ENABLE_MODULES = YES;
				CLANG_ENABLE_OBJC_ARC = YES;
				CLANG_ENABLE_OBJC_WEAK = YES;
				CLANG_WARN_BLOCK_CAPTURE_AUTORELEASING = YES;
				CLANG_WARN_BOOL_CONVERSION = YES;
				CLANG_WARN_COMMA = YES;
				CLANG_WARN_CONSTANT_CONVERSION = YES;
				CLANG_WARN_DEPRECATED_OBJC_IMPLEMENTATIONS = YES;
				CLANG_WARN_DIRECT_OBJC_ISA_USAGE = YES_ERROR;
				CLANG_WARN_DOCUMENTATION_COMMENTS = YES;
				CLANG_WARN_EMPTY_BODY = YES;
				CLANG_WARN_ENUM_CONVERSION = YES;
				CLANG_WARN_INFINITE_RECURSION = YES;
				CLANG_WARN_INT_CONVERSION = YES;
				CLANG_WARN_NON_LITERAL_NULL_CONVERSION = YES;
				CLANG_WARN_OBJC_IMPLICIT_RETAIN_SELF = YES;
				CLANG_WARN_OBJC_LITERAL_CONVERSION = YES;
				CLANG_WARN_OBJC_ROOT_CLASS = YES_ERROR;
				CLANG_WARN_QUOTED_INCLUDE_IN_FRAMEWORK_HEADER = YES;
				CLANG_WARN_RANGE_LOOP_ANALYSIS = YES;
				CLANG_WARN_STRICT_PROTOTYPES = YES;
				CLANG_WARN_SUSPICIOUS_MOVE = YES;
				CLANG_WARN_UNGUARDED_AVAILABILITY = YES_AGGRESSIVE;
				CLANG_WARN_UNREACHABLE_CODE = YES;
				CLANG_WARN__DUPLICATE_METHOD_MATCH = YES;
				COPY_PHASE_STRIP = NO;
				DEBUG_INFORMATION_FORMAT = dwarf;
				ENABLE_STRICT_OBJC_MSGSEND = YES;
				ENABLE_TESTABILITY = YES;
				GCC_C_LANGUAGE_STANDARD = gnu11;
				GCC_DYNAMIC_NO_PIC = NO;
				GCC_NO_COMMON_BLOCKS = YES;
				GCC_OPTIMIZATION_LEVEL = 0;
				GCC_PREPROCESSOR_DEFINITIONS = (
					"DEBUG=1",
					"$(inherited)",
				);
				GCC_WARN_64_TO_32_BIT_CONVERSION = YES;
				GCC_WARN_ABOUT_RETURN_TYPE = YES_ERROR;
				GCC_WARN_UNDECLARED_SELECTOR = YES;
				GCC_WARN_UNINITIALIZED_AUTOS = YES_AGGRESSIVE;
				GCC_WARN_UNUSED_FUNCTION = YES;
				GCC_WARN_UNUSED_VARIABLE = YES;
				IPHONEOS_DEPLOYMENT_TARGET = 12.0;
				MTL_ENABLE_DEBUG_INFO = INCLUDE_SOURCE;
				MTL_FAST_MATH = YES;
				ONLY_ACTIVE_ARCH = YES;
				SDKROOT = iphoneos;
				SWIFT_ACTIVE_COMPILATION_CONDITIONS = DEBUG;
				SWIFT_OPTIMIZATION_LEVEL = "-Onone";
			};
			name = Debug;
		};
		740C2F732837C49600DAFF0E /* Release */ = {
			isa = XCBuildConfiguration;
			buildSettings = {
				ALWAYS_SEARCH_USER_PATHS = NO;
				CLANG_ANALYZER_NONNULL = YES;
				CLANG_ANALYZER_NUMBER_OBJECT_CONVERSION = YES_AGGRESSIVE;
				CLANG_CXX_LANGUAGE_STANDARD = "gnu++17";
				CLANG_CXX_LIBRARY = "libc++";
				CLANG_ENABLE_MODULES = YES;
				CLANG_ENABLE_OBJC_ARC = YES;
				CLANG_ENABLE_OBJC_WEAK = YES;
				CLANG_WARN_BLOCK_CAPTURE_AUTORELEASING = YES;
				CLANG_WARN_BOOL_CONVERSION = YES;
				CLANG_WARN_COMMA = YES;
				CLANG_WARN_CONSTANT_CONVERSION = YES;
				CLANG_WARN_DEPRECATED_OBJC_IMPLEMENTATIONS = YES;
				CLANG_WARN_DIRECT_OBJC_ISA_USAGE = YES_ERROR;
				CLANG_WARN_DOCUMENTATION_COMMENTS = YES;
				CLANG_WARN_EMPTY_BODY = YES;
				CLANG_WARN_ENUM_CONVERSION = YES;
				CLANG_WARN_INFINITE_RECURSION = YES;
				CLANG_WARN_INT_CONVERSION = YES;
				CLANG_WARN_NON_LITERAL_NULL_CONVERSION = YES;
				CLANG_WARN_OBJC_IMPLICIT_RETAIN_SELF = YES;
				CLANG_WARN_OBJC_LITERAL_CONVERSION = YES;
				CLANG_WARN_OBJC_ROOT_CLASS = YES_ERROR;
				CLANG_WARN_QUOTED_INCLUDE_IN_FRAMEWORK_HEADER = YES;
				CLANG_WARN_RANGE_LOOP_ANALYSIS = YES;
				CLANG_WARN_STRICT_PROTOTYPES = YES;
				CLANG_WARN_SUSPICIOUS_MOVE = YES;
				CLANG_WARN_UNGUARDED_AVAILABILITY = YES_AGGRESSIVE;
				CLANG_WARN_UNREACHABLE_CODE = YES;
				CLANG_WARN__DUPLICATE_METHOD_MATCH = YES;
				COPY_PHASE_STRIP = NO;
				DEBUG_INFORMATION_FORMAT = "dwarf-with-dsym";
				ENABLE_NS_ASSERTIONS = NO;
				ENABLE_STRICT_OBJC_MSGSEND = YES;
				GCC_C_LANGUAGE_STANDARD = gnu11;
				GCC_NO_COMMON_BLOCKS = YES;
				GCC_WARN_64_TO_32_BIT_CONVERSION = YES;
				GCC_WARN_ABOUT_RETURN_TYPE = YES_ERROR;
				GCC_WARN_UNDECLARED_SELECTOR = YES;
				GCC_WARN_UNINITIALIZED_AUTOS = YES_AGGRESSIVE;
				GCC_WARN_UNUSED_FUNCTION = YES;
				GCC_WARN_UNUSED_VARIABLE = YES;
				IPHONEOS_DEPLOYMENT_TARGET = 12.0;
				MTL_ENABLE_DEBUG_INFO = NO;
				MTL_FAST_MATH = YES;
				SDKROOT = iphoneos;
				SWIFT_COMPILATION_MODE = wholemodule;
				SWIFT_OPTIMIZATION_LEVEL = "-O";
				VALIDATE_PRODUCT = YES;
			};
			name = Release;
		};
		740C2F752837C49600DAFF0E /* Debug */ = {
			isa = XCBuildConfiguration;
			baseConfigurationReference = 52B1746A4644250B6B6B1241 /* Pods-ZLGiteeClient.debug.xcconfig */;
			buildSettings = {
				ASSETCATALOG_COMPILER_APPICON_NAME = AppIcon;
				ASSETCATALOG_COMPILER_GLOBAL_ACCENT_COLOR_NAME = AccentColor;
				CODE_SIGN_IDENTITY = "Apple Development";
				CODE_SIGN_STYLE = Automatic;
				CURRENT_PROJECT_VERSION = 1;
				DEVELOPMENT_TEAM = 24LG5QVBPR;
				GCC_OPTIMIZATION_LEVEL = 0;
				GENERATE_INFOPLIST_FILE = YES;
				INFOPLIST_FILE = ZLGiteeClient/Info.plist;
				INFOPLIST_KEY_UIApplicationSupportsIndirectInputEvents = YES;
				INFOPLIST_KEY_UILaunchStoryboardName = "Launch Screen";
				INFOPLIST_KEY_UISupportedInterfaceOrientations_iPad = "UIInterfaceOrientationPortrait UIInterfaceOrientationPortraitUpsideDown UIInterfaceOrientationLandscapeLeft UIInterfaceOrientationLandscapeRight";
				INFOPLIST_KEY_UISupportedInterfaceOrientations_iPhone = "UIInterfaceOrientationPortrait UIInterfaceOrientationLandscapeLeft UIInterfaceOrientationLandscapeRight";
				LD_RUNPATH_SEARCH_PATHS = (
					"$(inherited)",
					"@executable_path/Frameworks",
				);
				MARKETING_VERSION = 1.0;
				PRODUCT_BUNDLE_IDENTIFIER = com.zm.ZLGiteeClient;
				PRODUCT_NAME = "$(TARGET_NAME)";
				PROVISIONING_PROFILE_SPECIFIER = "";
				SWIFT_EMIT_LOC_STRINGS = YES;
				SWIFT_VERSION = 5.0;
				TARGETED_DEVICE_FAMILY = "1,2";
			};
			name = Debug;
		};
		740C2F762837C49600DAFF0E /* Release */ = {
			isa = XCBuildConfiguration;
			baseConfigurationReference = 7A7D211429EFF5EF4F067B6B /* Pods-ZLGiteeClient.release.xcconfig */;
			buildSettings = {
				ASSETCATALOG_COMPILER_APPICON_NAME = AppIcon;
				ASSETCATALOG_COMPILER_GLOBAL_ACCENT_COLOR_NAME = AccentColor;
				CODE_SIGN_IDENTITY = "Apple Development";
				"CODE_SIGN_IDENTITY[sdk=iphoneos*]" = "iPhone Distribution";
				CODE_SIGN_STYLE = Manual;
				CURRENT_PROJECT_VERSION = 1;
				DEVELOPMENT_TEAM = "";
				"DEVELOPMENT_TEAM[sdk=iphoneos*]" = 24LG5QVBPR;
				GENERATE_INFOPLIST_FILE = YES;
				INFOPLIST_FILE = ZLGiteeClient/Info.plist;
				INFOPLIST_KEY_UIApplicationSupportsIndirectInputEvents = YES;
				INFOPLIST_KEY_UILaunchStoryboardName = "Launch Screen";
				INFOPLIST_KEY_UISupportedInterfaceOrientations_iPad = "UIInterfaceOrientationPortrait UIInterfaceOrientationPortraitUpsideDown UIInterfaceOrientationLandscapeLeft UIInterfaceOrientationLandscapeRight";
				INFOPLIST_KEY_UISupportedInterfaceOrientations_iPhone = "UIInterfaceOrientationPortrait UIInterfaceOrientationLandscapeLeft UIInterfaceOrientationLandscapeRight";
				LD_RUNPATH_SEARCH_PATHS = (
					"$(inherited)",
					"@executable_path/Frameworks",
				);
				MARKETING_VERSION = 1.0;
				PRODUCT_BUNDLE_IDENTIFIER = com.zm.ZLGiteeClient;
				PRODUCT_NAME = "$(TARGET_NAME)";
				PROVISIONING_PROFILE_SPECIFIER = "";
				"PROVISIONING_PROFILE_SPECIFIER[sdk=iphoneos*]" = "match AppStore com.zm.ZLGiteeClient";
				SWIFT_EMIT_LOC_STRINGS = YES;
				SWIFT_VERSION = 5.0;
				TARGETED_DEVICE_FAMILY = "1,2";
			};
			name = Release;
		};
/* End XCBuildConfiguration section */

/* Begin XCConfigurationList section */
		740C2F5B2837C49400DAFF0E /* Build configuration list for PBXProject "ZLGiteeClient" */ = {
			isa = XCConfigurationList;
			buildConfigurations = (
				740C2F722837C49600DAFF0E /* Debug */,
				740C2F732837C49600DAFF0E /* Release */,
			);
			defaultConfigurationIsVisible = 0;
			defaultConfigurationName = Release;
		};
		740C2F742837C49600DAFF0E /* Build configuration list for PBXNativeTarget "ZLGiteeClient" */ = {
			isa = XCConfigurationList;
			buildConfigurations = (
				740C2F752837C49600DAFF0E /* Debug */,
				740C2F762837C49600DAFF0E /* Release */,
			);
			defaultConfigurationIsVisible = 0;
			defaultConfigurationName = Release;
		};
/* End XCConfigurationList section */
	};
	rootObject = 740C2F582837C49400DAFF0E /* Project object */;
}
