PODS:
  - Alamofire (5.9.1)
  - FFPopup (1.1.5)
  - FWPopupView (4.2.2):
    - SnapKit
  - HandyJSON (5.0.2)
  - IQKeyboardManager (6.5.18)
  - JXPagingView/Paging (2.1.3)
  - JXSegmentedView (1.3.1)
  - Kanna (5.3.0)
  - KeychainAccess (4.2.2)
  - LookinServer (1.2.8):
    - LookinServer/Core (= 1.2.8)
  - LookinServer/Core (1.2.8)
  - MBProgressHUD (1.2.0)
  - MJRefresh (3.7.9)
  - Moya (15.0.0):
    - Moya/Core (= 15.0.0)
  - Moya/Core (15.0.0):
    - Alamofire (~> 5.0)
  - SDWebImage (5.19.1):
    - SDWebImage/Core (= 5.19.1)
  - SDWebImage/Core (5.19.1)
  - SnapKit (5.7.1)
  - Toast (4.1.1)
  - YYText (1.0.7)
  - ZLBaseExtension (1.2.0):
    - YYText
  - ZLUIUtilities (0.1.0):
    - MBProgressHUD
    - MJRefresh
    - SnapKit
    - Toast
    - ZLBaseExtension
    - ZLUtilities
    - ZMMVVM
  - ZLUtilities (0.1.0)
  - ZMMVVM (0.1.0):
    - SnapKit

DEPENDENCIES:
  - FFPopup
  - FWPopupView
  - HandyJSON
  - IQKeyboardManager
  - JXPagingView/Paging
  - JXSegmentedView
  - Kanna
  - KeychainAccess
  - LookinServer
  - MBProgressHUD
  - MJRefresh
  - Moya
  - SDWebImage
  - SnapKit
  - Toast
  - YYText
  - ZLBaseExtension (from `https://github.com/ExistOrLive/ZLBaseExtension.git`)
  - ZLUIUtilities (from `https://github.com/ExistOrLive/ZLUIUtilities.git`, branch `ZMMVVM`)
  - ZLUtilities (from `https://github.com/ExistOrLive/ZLUtilities.git`)
  - ZMMVVM (from `https://github.com/ExistOrLive/ZMMVVM.git`)

SPEC REPOS:
  trunk:
    - Alamofire
    - FFPopup
    - FWPopupView
    - HandyJSON
    - IQKeyboardManager
    - JXPagingView
    - JXSegmentedView
    - Kanna
    - KeychainAccess
    - LookinServer
    - MBProgressHUD
    - MJRefresh
    - Moya
    - SDWebImage
    - SnapKit
    - Toast
    - YYText

EXTERNAL SOURCES:
  ZLBaseExtension:
    :git: https://github.com/ExistOrLive/ZLBaseExtension.git
  ZLUIUtilities:
    :branch: ZMMVVM
    :git: https://github.com/ExistOrLive/ZLUIUtilities.git
  ZLUtilities:
    :git: https://github.com/ExistOrLive/ZLUtilities.git
  ZMMVVM:
    :git: https://github.com/ExistOrLive/ZMMVVM.git

CHECKOUT OPTIONS:
  ZLBaseExtension:
    :commit: 9219c50ad40d8436bc3a4478f5cfba5970b0c844
    :git: https://github.com/ExistOrLive/ZLBaseExtension.git
  ZLUIUtilities:
    :commit: f650c411dbba312f447d212df81271155bd77375
    :git: https://github.com/ExistOrLive/ZLUIUtilities.git
  ZLUtilities:
    :commit: e598a9d8c8f11e0e9c05359a6c28846031ab1444
    :git: https://github.com/ExistOrLive/ZLUtilities.git
  ZMMVVM:
    :commit: b6f4532f6de363a74b3953a3216979b2a31158e8
    :git: https://github.com/ExistOrLive/ZMMVVM.git

SPEC CHECKSUMS:
  Alamofire: f36a35757af4587d8e4f4bfa223ad10be2422b8c
  FFPopup: a208dcee8db3e54ec4a88fcd6481f6f5d85b7a83
  FWPopupView: b96d7d46d4afaad8e99d2739f9118a3c43c63a7b
  HandyJSON: 9e4e236f5d2dbefad5155a77417bbea438201c03
  IQKeyboardManager: 67f92bb29b650c094c40bd11c0545b47bdd25c5b
  JXPagingView: afdd2e9af09c90160dd232b970d603cc6e7ddd0e
  JXSegmentedView: 4b0e5506a9883da26472c9c0857d782c13cef05a
  Kanna: 6ecbd674bcbef2766a2acf80e99d1174440c5b9c
  KeychainAccess: c0c4f7f38f6fc7bbe58f5702e25f7bd2f65abf51
  LookinServer: 1b2b61c6402ae29fa22182d48f5cd067b4e99e80
  MBProgressHUD: 3ee5efcc380f6a79a7cc9b363dd669c5e1ae7406
  MJRefresh: ff9e531227924c84ce459338414550a05d2aea78
  Moya: 138f0573e53411fb3dc17016add0b748dfbd78ee
  SDWebImage: 40b0b4053e36c660a764958bff99eed16610acbb
  SnapKit: d612e99e678a2d3b95bf60b0705ed0a35c03484a
  Toast: 1f5ea13423a1e6674c4abdac5be53587ae481c4e
  YYText: 5c461d709e24d55a182d1441c41dc639a18a4849
  ZLBaseExtension: c052fc930ae508a09d1640580357263896486d3e
  ZLUIUtilities: 216d4b7d5babfb1f4f5ff69c930ae3e60c7b7ea0
  ZLUtilities: f47279dc92b4854fb2e2abb86b841dc8cd16e5a1
  ZMMVVM: cea3ec4d56906c18b4713e188c177904784bba33

PODFILE CHECKSUM: 94a3d2d7067add705e4b3fc1d816d86a15da694e

COCOAPODS: 1.15.2
