PODS:
  - AGConnectABTest (1.9.0.302):
    - AGConnectCredential (~> 1.4)
  - AGConnectCore (1.9.0.302):
    - HMFoundation (~> 1.4)
  - AGConnectCredential (1.9.0.302):
    - AGConnectCore (~> 1.4)
  - AGConnectRemoteConfig (1.9.0.302):
    - AGConnectABTest (~> 1.4)
    - AGConnectCredential (~> 1.7)
  - Alamofire (5.5.0)
  - FFPopup (1.1.5)
  - FWPopupView (4.2.1):
    - SnapKit
  - HandyJSON (5.0.2)
  - HiAnalytics (6.10.0.311):
    - AGConnectCredential
  - HMFoundation (1.9.0.302)
  - IQKeyboardManager (6.5.9)
  - JXSegmentedView (1.3.0)
  - KeychainAccess (4.2.2)
  - LookinServer (1.0.4)
  - Masonry (1.1.0)
  - MBProgressHUD (1.2.0)
  - MJRefresh (3.7.5)
  - Moya (15.0.0):
    - Moya/Core (= 15.0.0)
  - Moya/Core (15.0.0):
    - Alamofire (~> 5.0)
  - SDWebImage (5.0.6):
    - SDWebImage/Core (= 5.0.6)
  - SDWebImage/Core (5.0.6)
  - SnapKit (4.0.1)
  - Toast (4.0.0)
  - YYText (1.0.7)
  - ZLBaseExtension (1.2.0):
    - YYText
  - ZLBaseUI (1.2.1):
    - Masonry
  - ZLUIUtilities (0.1.0):
    - MBProgressHUD
    - MJRefresh
    - SnapKit
    - Toast
    - ZLBaseExtension
    - ZLBaseUI
  - ZLUtilities (0.1.0):
    - AGConnectCore
    - AGConnectRemoteConfig
    - HiAnalytics

DEPENDENCIES:
  - FFPopup
  - FWPopupView
  - HandyJSON
  - IQKeyboardManager
  - JXSegmentedView
  - KeychainAccess
  - LookinServer
  - MBProgressHUD
  - MJRefresh
  - Moya
  - SDWebImage
  - SnapKit
  - Toast
  - YYText
  - ZLBaseExtension (from `https://github.com/ExistOrLive/ZLBaseExtension.git`)
  - ZLBaseUI (from `https://github.com/ExistOrLive/ZLBaseUI.git`)
  - ZLUIUtilities (from `https://github.com/ExistOrLive/ZLUIUtilities.git`)
  - ZLUtilities (from `https://github.com/ExistOrLive/ZLUtilities.git`)

SPEC REPOS:
  trunk:
    - AGConnectABTest
    - AGConnectCore
    - AGConnectCredential
    - AGConnectRemoteConfig
    - Alamofire
    - FFPopup
    - FWPopupView
    - HandyJSON
    - HiAnalytics
    - HMFoundation
    - IQKeyboardManager
    - JXSegmentedView
    - KeychainAccess
    - LookinServer
    - Masonry
    - MBProgressHUD
    - MJRefresh
    - Moya
    - SDWebImage
    - SnapKit
    - Toast
    - YYText

EXTERNAL SOURCES:
  ZLBaseExtension:
    :git: https://github.com/ExistOrLive/ZLBaseExtension.git
  ZLBaseUI:
    :git: https://github.com/ExistOrLive/ZLBaseUI.git
  ZLUIUtilities:
    :git: https://github.com/ExistOrLive/ZLUIUtilities.git
  ZLUtilities:
    :git: https://github.com/ExistOrLive/ZLUtilities.git

CHECKOUT OPTIONS:
  ZLBaseExtension:
    :commit: bb25c16c2e48e69fdef502568ba1b7e716a8cf15
    :git: https://github.com/ExistOrLive/ZLBaseExtension.git
  ZLBaseUI:
    :commit: 60e7e064882fdfe446f75f045262314809d726e6
    :git: https://github.com/ExistOrLive/ZLBaseUI.git
  ZLUIUtilities:
    :commit: adbcc7534163738f2b19ebf5c1446c064afb1bd1
    :git: https://github.com/ExistOrLive/ZLUIUtilities.git
  ZLUtilities:
    :commit: ffb5f032f2ecf9fd09f28cf517fcf709cc777189
    :git: https://github.com/ExistOrLive/ZLUtilities.git

SPEC CHECKSUMS:
  AGConnectABTest: f1e5be41719628dc342e27d1139e379845bd8aa6
  AGConnectCore: 8080cbbee27357ab3d9d97b13d5e3be117eeba35
  AGConnectCredential: 962f8a4abc33f3ae7b69bcf00f709b2a74096a1d
  AGConnectRemoteConfig: d84e6bb1ee804a13bb7d09676d00f95a61d7dbee
  Alamofire: 1c4fb5369c3fe93d2857c780d8bbe09f06f97e7c
  FFPopup: a208dcee8db3e54ec4a88fcd6481f6f5d85b7a83
  FWPopupView: eea10388d25444fbe69b9222a5b5f317bb049395
  HandyJSON: 9e4e236f5d2dbefad5155a77417bbea438201c03
  HiAnalytics: 07a774c560885f699db1d25af9e0cfc3fcf315e3
  HMFoundation: 07a5cc092dc728e13400df5d24648f03ded00a95
  IQKeyboardManager: 241cc94ccabc9deb8f8bd7d12f00d73288d13ecc
  JXSegmentedView: fec0d335355b6e019c494fe2e030bde8a36d2df6
  KeychainAccess: c0c4f7f38f6fc7bbe58f5702e25f7bd2f65abf51
  LookinServer: 743c1681771d0a8dcc38825325a080c3186404a5
  Masonry: 678fab65091a9290e40e2832a55e7ab731aad201
  MBProgressHUD: 3ee5efcc380f6a79a7cc9b363dd669c5e1ae7406
  MJRefresh: fdf5e979eb406a0341468932d1dfc8b7f9fce961
  Moya: 138f0573e53411fb3dc17016add0b748dfbd78ee
  SDWebImage: 920f1a2ff1ca8296ad34f6e0510a1ef1d70ac965
  SnapKit: 0de968a9fec17499afa29683b05d0c775b6d1c29
  Toast: 91b396c56ee72a5790816f40d3a94dd357abc196
  YYText: 5c461d709e24d55a182d1441c41dc639a18a4849
  ZLBaseExtension: 90e59e26595222fb11628a97f4b2951ab843e4f1
  ZLBaseUI: 2815898555602f9bebb23ca0277ff5352d2a2952
  ZLUIUtilities: 58cc312400e93051b01ab73e77998865ee43f53a
  ZLUtilities: 65a433eda88c05edb4a48f9209c8736e2a5d3b0a

PODFILE CHECKSUM: f4eddcd6877178dd54d58245d4bcffe0556d15eb

COCOAPODS: 1.15.2
